// !$*UTF8*$!
{
	archiveVersion = 1;
	classes = {
	};
	objectVersion = 46;
	objects = {

/* Begin PBXBuildFile section */
		FF17DFDF1516D05E00A85EB4 /* CocoaUI.bundle in CopyFiles */ = {isa = PBXBuildFile; fileRef = FFC1A2B81515302800D447CC /* CocoaUI.bundle */; };
		FF17E0061516EAE300A85EB4 /* libcef.dylib in Frameworks */ = {isa = PBXBuildFile; fileRef = FF17E0051516EAE300A85EB4 /* libcef.dylib */; };
		FF17E0081516EC0E00A85EB4 /* libcef.dylib in CopyFiles */ = {isa = PBXBuildFile; fileRef = FF17E0051516EAE300A85EB4 /* libcef.dylib */; };
		FF6A97FA152F8C1400C8ED05 /* ui in Resources */ = {isa = PBXBuildFile; fileRef = FF6A97F8152F8BF700C8ED05 /* ui */; };
		FF6A97FC152F9AAF00C8ED05 /* CppV8Handler.cpp in Sources */ = {isa = PBXBuildFile; fileRef = FF6A97FB152F9AAF00C8ED05 /* CppV8Handler.cpp */; };
		FF7644671579538A00E41F35 /* #PROJNAME-Info.plist in Resources */ = {isa = PBXBuildFile; fileRef = FF7644601579538A00E41F35 /* #PROJNAME-Info.plist */; };
		FF7644681579538A00E41F35 /* #PROJNAME.exp in Sources */ = {isa = PBXBuildFile; fileRef = FF7644621579538A00E41F35 /* #PROJNAME.exp */; };
		FF7644691579538A00E41F35 /* #PROJNAME.r in Rez */ = {isa = PBXBuildFile; fileRef = FF7644631579538A00E41F35 /* #PROJNAME.r */; };
		FF76446A1579538A00E41F35 /* audio.cpp in Sources */ = {isa = PBXBuildFile; fileRef = FF7644641579538A00E41F35 /* audio.cpp */; };
		FF76446B1579538A00E41F35 /* InfoPlist.strings in Resources */ = {isa = PBXBuildFile; fileRef = FF7644651579538A00E41F35 /* InfoPlist.strings */; };
		FFB5DFC5152E18AF00E975D2 /* AudioUnit.framework in Frameworks */ = {isa = PBXBuildFile; fileRef = FFDB8556151419A3004BA672 /* AudioUnit.framework */; };
		FFB5DFC7152E18B500E975D2 /* AudioToolbox.framework in Frameworks */ = {isa = PBXBuildFile; fileRef = FFDB855215141990004BA672 /* AudioToolbox.framework */; };
		FFC1A2B91515302800D447CC /* Cocoa.framework in Frameworks */ = {isa = PBXBuildFile; fileRef = FFDB853E15141284004BA672 /* Cocoa.framework */; };
		FFC1A2BF1515302800D447CC /* InfoPlist.strings in Resources */ = {isa = PBXBuildFile; fileRef = FFC1A2BD1515302800D447CC /* InfoPlist.strings */; };
		FFC1A2C41515306300D447CC /* Foundation.framework in Frameworks */ = {isa = PBXBuildFile; fileRef = FFDB854315141284004BA672 /* Foundation.framework */; };
		FFC1A2C51515307200D447CC /* AppKit.framework in Frameworks */ = {isa = PBXBuildFile; fileRef = FFDB854115141284004BA672 /* AppKit.framework */; };
		FFC1A2C91515345900D447CC /* cefview.xib in Resources */ = {isa = PBXBuildFile; fileRef = FFC1A2C81515345900D447CC /* cefview.xib */; };
		FFC1A2CB151534AD00D447CC /* libcef_dll_wrapper.a in Frameworks */ = {isa = PBXBuildFile; fileRef = FFC1A2CA151534AD00D447CC /* libcef_dll_wrapper.a */; };
		FFC1A2D0151535C100D447CC /* #PROJNAME_ViewFactory.mm in Sources */ = {isa = PBXBuildFile; fileRef = FFC1A2CF151535C100D447CC /* #PROJNAME_ViewFactory.mm */; };
		FFC1A2D31515404A00D447CC /* #PROJNAME_CefView.mm in Sources */ = {isa = PBXBuildFile; fileRef = FFC1A2D21515404A00D447CC /* #PROJNAME_CefView.mm */; };
		FFDB855315141990004BA672 /* AudioToolbox.framework in Frameworks */ = {isa = PBXBuildFile; fileRef = FFDB855215141990004BA672 /* AudioToolbox.framework */; };
		FFDB85551514199A004BA672 /* CoreServices.framework in Frameworks */ = {isa = PBXBuildFile; fileRef = FFDB85541514199A004BA672 /* CoreServices.framework */; };
		FFDB8557151419A3004BA672 /* AudioUnit.framework in Frameworks */ = {isa = PBXBuildFile; fileRef = FFDB8556151419A3004BA672 /* AudioUnit.framework */; };
		FFDB856B15141B6E004BA672 /* AUBase.cpp in Sources */ = {isa = PBXBuildFile; fileRef = FFDB855E15141B6E004BA672 /* AUBase.cpp */; };
		FFDB856C15141B6E004BA672 /* AUDispatch.cpp in Sources */ = {isa = PBXBuildFile; fileRef = FFDB856015141B6E004BA672 /* AUDispatch.cpp */; };
		FFDB856D15141B6E004BA672 /* AUInputElement.cpp in Sources */ = {isa = PBXBuildFile; fileRef = FFDB856215141B6E004BA672 /* AUInputElement.cpp */; };
		FFDB856E15141B6E004BA672 /* AUOutputElement.cpp in Sources */ = {isa = PBXBuildFile; fileRef = FFDB856415141B6E004BA672 /* AUOutputElement.cpp */; };
		FFDB857015141B6E004BA672 /* AUScopeElement.cpp in Sources */ = {isa = PBXBuildFile; fileRef = FFDB856715141B6E004BA672 /* AUScopeElement.cpp */; };
		FFDB857115141B6E004BA672 /* ComponentBase.cpp in Sources */ = {isa = PBXBuildFile; fileRef = FFDB856915141B6E004BA672 /* ComponentBase.cpp */; };
		FFDB857415141B83004BA672 /* AUEffectBase.cpp in Sources */ = {isa = PBXBuildFile; fileRef = FFDB857215141B83004BA672 /* AUEffectBase.cpp */; };
		FFDB858015141B92004BA672 /* AUBaseHelper.cpp in Sources */ = {isa = PBXBuildFile; fileRef = FFDB857615141B92004BA672 /* AUBaseHelper.cpp */; };
		FFDB858115141B92004BA672 /* AUBuffer.cpp in Sources */ = {isa = PBXBuildFile; fileRef = FFDB857815141B92004BA672 /* AUBuffer.cpp */; };
		FFDB858215141B92004BA672 /* AUDebugDispatcher.cpp in Sources */ = {isa = PBXBuildFile; fileRef = FFDB857A15141B92004BA672 /* AUDebugDispatcher.cpp */; };
		FFDB858315141B92004BA672 /* AUTimestampGenerator.cpp in Sources */ = {isa = PBXBuildFile; fileRef = FFDB857E15141B92004BA672 /* AUTimestampGenerator.cpp */; };
		FFDB859215141D05004BA672 /* CAAudioChannelLayout.cpp in Sources */ = {isa = PBXBuildFile; fileRef = FFDB858415141D04004BA672 /* CAAudioChannelLayout.cpp */; };
		FFDB859315141D05004BA672 /* CADebugMacros.cpp in Sources */ = {isa = PBXBuildFile; fileRef = FFDB858715141D04004BA672 /* CADebugMacros.cpp */; };
		FFDB859415141D05004BA672 /* CAHostTimeBase.cpp in Sources */ = {isa = PBXBuildFile; fileRef = FFDB858A15141D04004BA672 /* CAHostTimeBase.cpp */; };
		FFDB859615141D05004BA672 /* CAVectorUnit.cpp in Sources */ = {isa = PBXBuildFile; fileRef = FFDB859015141D05004BA672 /* CAVectorUnit.cpp */; };
		FFDB859815141D23004BA672 /* audio.cpp in Sources */ = {isa = PBXBuildFile; fileRef = FFDB859715141D23004BA672 /* audio.cpp */; };
		FFDB859B15141D9D004BA672 /* CAStreamBasicDescription.cpp in Sources */ = {isa = PBXBuildFile; fileRef = FFDB859915141D9D004BA672 /* CAStreamBasicDescription.cpp */; };
		FFDB859D15141DDE004BA672 /* CAXException.cpp in Sources */ = {isa = PBXBuildFile; fileRef = FFDB859C15141DDE004BA672 /* CAXException.cpp */; };
		FFECCC6F151BBF5D003D3564 /* client_handler.cpp in Sources */ = {isa = PBXBuildFile; fileRef = FFECCC6B151BBF2F003D3564 /* client_handler.cpp */; };
		FFECCCD9151BDF13003D3564 /* Resources in CopyFiles */ = {isa = PBXBuildFile; fileRef = FFECCCD7151BDF09003D3564 /* Resources */; };
/* End PBXBuildFile section */

/* Begin PBXContainerItemProxy section */
		FFC1A2C61515309900D447CC /* PBXContainerItemProxy */ = {
			isa = PBXContainerItemProxy;
			containerPortal = FFDB853215141283004BA672 /* Project object */;
			proxyType = 1;
			remoteGlobalIDString = FFC1A2B71515302800D447CC;
			remoteInfo = CocoaUI;
		};
/* End PBXContainerItemProxy section */

/* Begin PBXCopyFilesBuildPhase section */
		FF17DFDE1516D05300A85EB4 /* CopyFiles */ = {
			isa = PBXCopyFilesBuildPhase;
			buildActionMask = 2147483647;
			dstPath = "";
			dstSubfolderSpec = 7;
			files = (
				FF17DFDF1516D05E00A85EB4 /* CocoaUI.bundle in CopyFiles */,
			);
			runOnlyForDeploymentPostprocessing = 0;
		};
		FF17E0071516EBFD00A85EB4 /* CopyFiles */ = {
			isa = PBXCopyFilesBuildPhase;
			buildActionMask = 2147483647;
			dstPath = "";
			dstSubfolderSpec = 6;
			files = (
				FF17E0081516EC0E00A85EB4 /* libcef.dylib in CopyFiles */,
			);
			runOnlyForDeploymentPostprocessing = 0;
		};
		FFECCC70151BDE37003D3564 /* CopyFiles */ = {
			isa = PBXCopyFilesBuildPhase;
			buildActionMask = 2147483647;
			dstPath = CocoaUI.bundle/Contents;
			dstSubfolderSpec = 16;
			files = (
				FFECCCD9151BDF13003D3564 /* Resources in CopyFiles */,
			);
			runOnlyForDeploymentPostprocessing = 0;
		};
/* End PBXCopyFilesBuildPhase section */

/* Begin PBXFileReference section */
		FF17DFE01516E97B00A85EB4 /* cef_application_mac.h */ = {isa = PBXFileReference; fileEncoding = 4; lastKnownFileType = sourcecode.c.h; name = cef_application_mac.h; path = libcef/include/cef_application_mac.h; sourceTree = SOURCE_ROOT; };
		FF17DFE11516E97B00A85EB4 /* cef_capi.h */ = {isa = PBXFileReference; fileEncoding = 4; lastKnownFileType = sourcecode.c.h; name = cef_capi.h; path = libcef/include/cef_capi.h; sourceTree = SOURCE_ROOT; };
		FF17DFE21516E97B00A85EB4 /* cef_nplugin_capi.h */ = {isa = PBXFileReference; fileEncoding = 4; lastKnownFileType = sourcecode.c.h; name = cef_nplugin_capi.h; path = libcef/include/cef_nplugin_capi.h; sourceTree = SOURCE_ROOT; };
		FF17DFE31516E97B00A85EB4 /* cef_nplugin.h */ = {isa = PBXFileReference; fileEncoding = 4; lastKnownFileType = sourcecode.c.h; name = cef_nplugin.h; path = libcef/include/cef_nplugin.h; sourceTree = SOURCE_ROOT; };
		FF17DFE41516E97B00A85EB4 /* cef_runnable.h */ = {isa = PBXFileReference; fileEncoding = 4; lastKnownFileType = sourcecode.c.h; name = cef_runnable.h; path = libcef/include/cef_runnable.h; sourceTree = SOURCE_ROOT; };
		FF17DFE51516E97B00A85EB4 /* cef_version.h */ = {isa = PBXFileReference; fileEncoding = 4; lastKnownFileType = sourcecode.c.h; name = cef_version.h; path = libcef/include/cef_version.h; sourceTree = SOURCE_ROOT; };
		FF17DFE61516E97B00A85EB4 /* cef_wrapper.h */ = {isa = PBXFileReference; fileEncoding = 4; lastKnownFileType = sourcecode.c.h; name = cef_wrapper.h; path = libcef/include/cef_wrapper.h; sourceTree = SOURCE_ROOT; };
		FF17DFE71516E97B00A85EB4 /* cef.h */ = {isa = PBXFileReference; fileEncoding = 4; lastKnownFileType = sourcecode.c.h; name = cef.h; path = libcef/include/cef.h; sourceTree = SOURCE_ROOT; };
		FF17DFE91516E97B00A85EB4 /* cef_build.h */ = {isa = PBXFileReference; fileEncoding = 4; lastKnownFileType = sourcecode.c.h; path = cef_build.h; sourceTree = "<group>"; };
		FF17DFEA1516E97B00A85EB4 /* cef_export.h */ = {isa = PBXFileReference; fileEncoding = 4; lastKnownFileType = sourcecode.c.h; path = cef_export.h; sourceTree = "<group>"; };
		FF17DFEB1516E97B00A85EB4 /* cef_mac.h */ = {isa = PBXFileReference; fileEncoding = 4; lastKnownFileType = sourcecode.c.h; path = cef_mac.h; sourceTree = "<group>"; };
		FF17DFEC1516E97B00A85EB4 /* cef_nplugin_types.h */ = {isa = PBXFileReference; fileEncoding = 4; lastKnownFileType = sourcecode.c.h; path = cef_nplugin_types.h; sourceTree = "<group>"; };
		FF17DFED1516E97B00A85EB4 /* cef_ptr.h */ = {isa = PBXFileReference; fileEncoding = 4; lastKnownFileType = sourcecode.c.h; path = cef_ptr.h; sourceTree = "<group>"; };
		FF17DFEE1516E97B00A85EB4 /* cef_string.h */ = {isa = PBXFileReference; fileEncoding = 4; lastKnownFileType = sourcecode.c.h; path = cef_string.h; sourceTree = "<group>"; };
		FF17DFEF1516E97B00A85EB4 /* cef_string_list.h */ = {isa = PBXFileReference; fileEncoding = 4; lastKnownFileType = sourcecode.c.h; path = cef_string_list.h; sourceTree = "<group>"; };
		FF17DFF01516E97B00A85EB4 /* cef_string_map.h */ = {isa = PBXFileReference; fileEncoding = 4; lastKnownFileType = sourcecode.c.h; path = cef_string_map.h; sourceTree = "<group>"; };
		FF17DFF11516E97B00A85EB4 /* cef_string_multimap.h */ = {isa = PBXFileReference; fileEncoding = 4; lastKnownFileType = sourcecode.c.h; path = cef_string_multimap.h; sourceTree = "<group>"; };
		FF17DFF21516E97B00A85EB4 /* cef_string_types.h */ = {isa = PBXFileReference; fileEncoding = 4; lastKnownFileType = sourcecode.c.h; path = cef_string_types.h; sourceTree = "<group>"; };
		FF17DFF31516E97B00A85EB4 /* cef_string_wrappers.h */ = {isa = PBXFileReference; fileEncoding = 4; lastKnownFileType = sourcecode.c.h; path = cef_string_wrappers.h; sourceTree = "<group>"; };
		FF17DFF41516E97B00A85EB4 /* cef_time.h */ = {isa = PBXFileReference; fileEncoding = 4; lastKnownFileType = sourcecode.c.h; path = cef_time.h; sourceTree = "<group>"; };
		FF17DFF51516E97B00A85EB4 /* cef_tuple.h */ = {isa = PBXFileReference; fileEncoding = 4; lastKnownFileType = sourcecode.c.h; path = cef_tuple.h; sourceTree = "<group>"; };
		FF17DFF61516E97B00A85EB4 /* cef_types.h */ = {isa = PBXFileReference; fileEncoding = 4; lastKnownFileType = sourcecode.c.h; path = cef_types.h; sourceTree = "<group>"; };
		FF17DFF71516E97B00A85EB4 /* cef_types_mac.h */ = {isa = PBXFileReference; fileEncoding = 4; lastKnownFileType = sourcecode.c.h; path = cef_types_mac.h; sourceTree = "<group>"; };
		FF17DFF81516E97B00A85EB4 /* cef_types_wrappers.h */ = {isa = PBXFileReference; fileEncoding = 4; lastKnownFileType = sourcecode.c.h; path = cef_types_wrappers.h; sourceTree = "<group>"; };
		FF17E0051516EAE300A85EB4 /* libcef.dylib */ = {isa = PBXFileReference; lastKnownFileType = "compiled.mach-o.dylib"; name = libcef.dylib; path = libcef/lib/libcef.dylib; sourceTree = "<group>"; };
		FF6A97F8152F8BF700C8ED05 /* ui */ = {isa = PBXFileReference; lastKnownFileType = folder; path = ui; sourceTree = "<group>"; };
		FF6A97FB152F9AAF00C8ED05 /* CppV8Handler.cpp */ = {isa = PBXFileReference; fileEncoding = 4; lastKnownFileType = sourcecode.cpp.cpp; path = CppV8Handler.cpp; sourceTree = "<group>"; };
		FF6A97FD152F9AC300C8ED05 /* CppV8Handler.h */ = {isa = PBXFileReference; fileEncoding = 4; lastKnownFileType = sourcecode.c.h; path = CppV8Handler.h; sourceTree = "<group>"; };
		FF7644601579538A00E41F35 /* #PROJNAME-Info.plist */ = {isa = PBXFileReference; fileEncoding = 4; lastKnownFileType = text.plist.xml; path = "#PROJNAME-Info.plist"; sourceTree = "<group>"; };
		FF7644611579538A00E41F35 /* #PROJNAME-Prefix.pch */ = {isa = PBXFileReference; fileEncoding = 4; lastKnownFileType = sourcecode.c.h; path = "#PROJNAME-Prefix.pch"; sourceTree = "<group>"; };
		FF7644621579538A00E41F35 /* #PROJNAME.exp */ = {isa = PBXFileReference; fileEncoding = 4; lastKnownFileType = sourcecode.exports; path = "#PROJNAME.exp"; sourceTree = "<group>"; };
		FF7644631579538A00E41F35 /* #PROJNAME.r */ = {isa = PBXFileReference; fileEncoding = 4; lastKnownFileType = sourcecode.rez; path = "#PROJNAME.r"; sourceTree = "<group>"; };
		FF7644641579538A00E41F35 /* audio.cpp */ = {isa = PBXFileReference; fileEncoding = 4; lastKnownFileType = sourcecode.cpp.cpp; path = audio.cpp; sourceTree = "<group>"; };
		FF7644661579538A00E41F35 /* en */ = {isa = PBXFileReference; lastKnownFileType = text.plist.strings; name = en; path = en.lproj/InfoPlist.strings; sourceTree = "<group>"; };
		FFC1A2B81515302800D447CC /* CocoaUI.bundle */ = {isa = PBXFileReference; explicitFileType = wrapper.cfbundle; includeInIndex = 0; path = CocoaUI.bundle; sourceTree = BUILT_PRODUCTS_DIR; };
		FFC1A2BC1515302800D447CC /* CocoaUI-Info.plist */ = {isa = PBXFileReference; lastKnownFileType = text.plist.xml; path = "CocoaUI-Info.plist"; sourceTree = "<group>"; };
		FFC1A2BE1515302800D447CC /* en */ = {isa = PBXFileReference; lastKnownFileType = text.plist.strings; name = en; path = en.lproj/InfoPlist.strings; sourceTree = "<group>"; };
		FFC1A2C01515302800D447CC /* CocoaUI-Prefix.pch */ = {isa = PBXFileReference; lastKnownFileType = sourcecode.c.h; path = "CocoaUI-Prefix.pch"; sourceTree = "<group>"; };
		FFC1A2C81515345900D447CC /* cefview.xib */ = {isa = PBXFileReference; fileEncoding = 4; lastKnownFileType = file.xib; path = cefview.xib; sourceTree = "<group>"; };
		FFC1A2CA151534AD00D447CC /* libcef_dll_wrapper.a */ = {isa = PBXFileReference; lastKnownFileType = archive.ar; name = libcef_dll_wrapper.a; path = libcef/lib/libcef_dll_wrapper.a; sourceTree = "<group>"; };
		FFC1A2CE151535C100D447CC /* #PROJNAME_ViewFactory.h */ = {isa = PBXFileReference; fileEncoding = 4; lastKnownFileType = sourcecode.c.h; path = "#PROJNAME_ViewFactory.h"; sourceTree = "<group>"; };
		FFC1A2CF151535C100D447CC /* #PROJNAME_ViewFactory.mm */ = {isa = PBXFileReference; fileEncoding = 4; lastKnownFileType = sourcecode.cpp.objcpp; path = "#PROJNAME_ViewFactory.mm"; sourceTree = "<group>"; };
		FFC1A2D11515404A00D447CC /* #PROJNAME_CefView.h */ = {isa = PBXFileReference; fileEncoding = 4; lastKnownFileType = sourcecode.c.h; path = "#PROJNAME_CefView.h"; sourceTree = "<group>"; };
		FFC1A2D21515404A00D447CC /* #PROJNAME_CefView.mm */ = {isa = PBXFileReference; fileEncoding = 4; lastKnownFileType = sourcecode.cpp.objcpp; path = "#PROJNAME_CefView.mm"; sourceTree = "<group>"; };
		FFDB853B15141284004BA672 /* #PROJNAME.component */ = {isa = PBXFileReference; explicitFileType = wrapper.cfbundle; includeInIndex = 0; name = #PROJNAME.component; path = "#PROJNAME.component"; sourceTree = BUILT_PRODUCTS_DIR; };
		FFDB853E15141284004BA672 /* Cocoa.framework */ = {isa = PBXFileReference; lastKnownFileType = wrapper.framework; name = Cocoa.framework; path = System/Library/Frameworks/Cocoa.framework; sourceTree = SDKROOT; };
		FFDB854115141284004BA672 /* AppKit.framework */ = {isa = PBXFileReference; lastKnownFileType = wrapper.framework; name = AppKit.framework; path = System/Library/Frameworks/AppKit.framework; sourceTree = SDKROOT; };
		FFDB854215141284004BA672 /* CoreData.framework */ = {isa = PBXFileReference; lastKnownFileType = wrapper.framework; name = CoreData.framework; path = System/Library/Frameworks/CoreData.framework; sourceTree = SDKROOT; };
		FFDB854315141284004BA672 /* Foundation.framework */ = {isa = PBXFileReference; lastKnownFileType = wrapper.framework; name = Foundation.framework; path = System/Library/Frameworks/Foundation.framework; sourceTree = SDKROOT; };
		FFDB855215141990004BA672 /* AudioToolbox.framework */ = {isa = PBXFileReference; lastKnownFileType = wrapper.framework; name = AudioToolbox.framework; path = System/Library/Frameworks/AudioToolbox.framework; sourceTree = SDKROOT; };
		FFDB85541514199A004BA672 /* CoreServices.framework */ = {isa = PBXFileReference; lastKnownFileType = wrapper.framework; name = CoreServices.framework; path = System/Library/Frameworks/CoreServices.framework; sourceTree = SDKROOT; };
		FFDB8556151419A3004BA672 /* AudioUnit.framework */ = {isa = PBXFileReference; lastKnownFileType = wrapper.framework; name = AudioUnit.framework; path = System/Library/Frameworks/AudioUnit.framework; sourceTree = SDKROOT; };
		FFDB855E15141B6E004BA672 /* AUBase.cpp */ = {isa = PBXFileReference; fileEncoding = 4; lastKnownFileType = sourcecode.cpp.cpp; path = AUBase.cpp; sourceTree = "<group>"; };
		FFDB855F15141B6E004BA672 /* AUBase.h */ = {isa = PBXFileReference; fileEncoding = 4; lastKnownFileType = sourcecode.c.h; path = AUBase.h; sourceTree = "<group>"; };
		FFDB856015141B6E004BA672 /* AUDispatch.cpp */ = {isa = PBXFileReference; fileEncoding = 4; lastKnownFileType = sourcecode.cpp.cpp; path = AUDispatch.cpp; sourceTree = "<group>"; };
		FFDB856115141B6E004BA672 /* AUDispatch.h */ = {isa = PBXFileReference; fileEncoding = 4; lastKnownFileType = sourcecode.c.h; path = AUDispatch.h; sourceTree = "<group>"; };
		FFDB856215141B6E004BA672 /* AUInputElement.cpp */ = {isa = PBXFileReference; fileEncoding = 4; lastKnownFileType = sourcecode.cpp.cpp; path = AUInputElement.cpp; sourceTree = "<group>"; };
		FFDB856315141B6E004BA672 /* AUInputElement.h */ = {isa = PBXFileReference; fileEncoding = 4; lastKnownFileType = sourcecode.c.h; path = AUInputElement.h; sourceTree = "<group>"; };
		FFDB856415141B6E004BA672 /* AUOutputElement.cpp */ = {isa = PBXFileReference; fileEncoding = 4; lastKnownFileType = sourcecode.cpp.cpp; path = AUOutputElement.cpp; sourceTree = "<group>"; };
		FFDB856515141B6E004BA672 /* AUOutputElement.h */ = {isa = PBXFileReference; fileEncoding = 4; lastKnownFileType = sourcecode.c.h; path = AUOutputElement.h; sourceTree = "<group>"; };
		FFDB856615141B6E004BA672 /* AUResources.r */ = {isa = PBXFileReference; fileEncoding = 4; lastKnownFileType = sourcecode.rez; path = AUResources.r; sourceTree = "<group>"; };
		FFDB856715141B6E004BA672 /* AUScopeElement.cpp */ = {isa = PBXFileReference; fileEncoding = 4; lastKnownFileType = sourcecode.cpp.cpp; path = AUScopeElement.cpp; sourceTree = "<group>"; };
		FFDB856815141B6E004BA672 /* AUScopeElement.h */ = {isa = PBXFileReference; fileEncoding = 4; lastKnownFileType = sourcecode.c.h; path = AUScopeElement.h; sourceTree = "<group>"; };
		FFDB856915141B6E004BA672 /* ComponentBase.cpp */ = {isa = PBXFileReference; fileEncoding = 4; lastKnownFileType = sourcecode.cpp.cpp; path = ComponentBase.cpp; sourceTree = "<group>"; };
		FFDB856A15141B6E004BA672 /* ComponentBase.h */ = {isa = PBXFileReference; fileEncoding = 4; lastKnownFileType = sourcecode.c.h; path = ComponentBase.h; sourceTree = "<group>"; };
		FFDB857215141B83004BA672 /* AUEffectBase.cpp */ = {isa = PBXFileReference; fileEncoding = 4; lastKnownFileType = sourcecode.cpp.cpp; name = AUEffectBase.cpp; path = Extras/CoreAudio/AudioUnits/AUPublic/OtherBases/AUEffectBase.cpp; sourceTree = DEVELOPER_DIR; };
		FFDB857315141B83004BA672 /* AUEffectBase.h */ = {isa = PBXFileReference; fileEncoding = 4; lastKnownFileType = sourcecode.c.h; name = AUEffectBase.h; path = Extras/CoreAudio/AudioUnits/AUPublic/OtherBases/AUEffectBase.h; sourceTree = DEVELOPER_DIR; };
		FFDB857615141B92004BA672 /* AUBaseHelper.cpp */ = {isa = PBXFileReference; fileEncoding = 4; lastKnownFileType = sourcecode.cpp.cpp; path = AUBaseHelper.cpp; sourceTree = "<group>"; };
		FFDB857715141B92004BA672 /* AUBaseHelper.h */ = {isa = PBXFileReference; fileEncoding = 4; lastKnownFileType = sourcecode.c.h; path = AUBaseHelper.h; sourceTree = "<group>"; };
		FFDB857815141B92004BA672 /* AUBuffer.cpp */ = {isa = PBXFileReference; fileEncoding = 4; lastKnownFileType = sourcecode.cpp.cpp; path = AUBuffer.cpp; sourceTree = "<group>"; };
		FFDB857915141B92004BA672 /* AUBuffer.h */ = {isa = PBXFileReference; fileEncoding = 4; lastKnownFileType = sourcecode.c.h; path = AUBuffer.h; sourceTree = "<group>"; };
		FFDB857A15141B92004BA672 /* AUDebugDispatcher.cpp */ = {isa = PBXFileReference; fileEncoding = 4; lastKnownFileType = sourcecode.cpp.cpp; path = AUDebugDispatcher.cpp; sourceTree = "<group>"; };
		FFDB857B15141B92004BA672 /* AUDebugDispatcher.h */ = {isa = PBXFileReference; fileEncoding = 4; lastKnownFileType = sourcecode.c.h; path = AUDebugDispatcher.h; sourceTree = "<group>"; };
		FFDB857C15141B92004BA672 /* AUInputFormatConverter.h */ = {isa = PBXFileReference; fileEncoding = 4; lastKnownFileType = sourcecode.c.h; path = AUInputFormatConverter.h; sourceTree = "<group>"; };
		FFDB857D15141B92004BA672 /* AUSilentTimeout.h */ = {isa = PBXFileReference; fileEncoding = 4; lastKnownFileType = sourcecode.c.h; path = AUSilentTimeout.h; sourceTree = "<group>"; };
		FFDB857E15141B92004BA672 /* AUTimestampGenerator.cpp */ = {isa = PBXFileReference; fileEncoding = 4; lastKnownFileType = sourcecode.cpp.cpp; path = AUTimestampGenerator.cpp; sourceTree = "<group>"; };
		FFDB857F15141B92004BA672 /* AUTimestampGenerator.h */ = {isa = PBXFileReference; fileEncoding = 4; lastKnownFileType = sourcecode.c.h; path = AUTimestampGenerator.h; sourceTree = "<group>"; };
		FFDB858415141D04004BA672 /* CAAudioChannelLayout.cpp */ = {isa = PBXFileReference; fileEncoding = 4; lastKnownFileType = sourcecode.cpp.cpp; name = CAAudioChannelLayout.cpp; path = Extras/CoreAudio/PublicUtility/CAAudioChannelLayout.cpp; sourceTree = DEVELOPER_DIR; };
		FFDB858515141D04004BA672 /* CAAudioChannelLayout.h */ = {isa = PBXFileReference; fileEncoding = 4; lastKnownFileType = sourcecode.c.h; name = CAAudioChannelLayout.h; path = Extras/CoreAudio/PublicUtility/CAAudioChannelLayout.h; sourceTree = DEVELOPER_DIR; };
		FFDB858615141D04004BA672 /* CAAutoDisposer.h */ = {isa = PBXFileReference; fileEncoding = 4; lastKnownFileType = sourcecode.c.h; name = CAAutoDisposer.h; path = Extras/CoreAudio/PublicUtility/CAAutoDisposer.h; sourceTree = DEVELOPER_DIR; };
		FFDB858715141D04004BA672 /* CADebugMacros.cpp */ = {isa = PBXFileReference; fileEncoding = 4; lastKnownFileType = sourcecode.cpp.cpp; name = CADebugMacros.cpp; path = Extras/CoreAudio/PublicUtility/CADebugMacros.cpp; sourceTree = DEVELOPER_DIR; };
		FFDB858815141D04004BA672 /* CADebugMacros.h */ = {isa = PBXFileReference; fileEncoding = 4; lastKnownFileType = sourcecode.c.h; name = CADebugMacros.h; path = Extras/CoreAudio/PublicUtility/CADebugMacros.h; sourceTree = DEVELOPER_DIR; };
		FFDB858915141D04004BA672 /* CAException.h */ = {isa = PBXFileReference; fileEncoding = 4; lastKnownFileType = sourcecode.c.h; name = CAException.h; path = Extras/CoreAudio/PublicUtility/CAException.h; sourceTree = DEVELOPER_DIR; };
		FFDB858A15141D04004BA672 /* CAHostTimeBase.cpp */ = {isa = PBXFileReference; fileEncoding = 4; lastKnownFileType = sourcecode.cpp.cpp; name = CAHostTimeBase.cpp; path = Extras/CoreAudio/PublicUtility/CAHostTimeBase.cpp; sourceTree = DEVELOPER_DIR; };
		FFDB858B15141D04004BA672 /* CAHostTimeBase.h */ = {isa = PBXFileReference; fileEncoding = 4; lastKnownFileType = sourcecode.c.h; name = CAHostTimeBase.h; path = Extras/CoreAudio/PublicUtility/CAHostTimeBase.h; sourceTree = DEVELOPER_DIR; };
		FFDB858C15141D05004BA672 /* CAMath.h */ = {isa = PBXFileReference; fileEncoding = 4; lastKnownFileType = sourcecode.c.h; name = CAMath.h; path = Extras/CoreAudio/PublicUtility/CAMath.h; sourceTree = DEVELOPER_DIR; };
		FFDB858F15141D05004BA672 /* CAThreadSafeList.h */ = {isa = PBXFileReference; fileEncoding = 4; lastKnownFileType = sourcecode.c.h; name = CAThreadSafeList.h; path = Extras/CoreAudio/PublicUtility/CAThreadSafeList.h; sourceTree = DEVELOPER_DIR; };
		FFDB859015141D05004BA672 /* CAVectorUnit.cpp */ = {isa = PBXFileReference; fileEncoding = 4; lastKnownFileType = sourcecode.cpp.cpp; name = CAVectorUnit.cpp; path = Extras/CoreAudio/PublicUtility/CAVectorUnit.cpp; sourceTree = DEVELOPER_DIR; };
		FFDB859115141D05004BA672 /* CAVectorUnit.h */ = {isa = PBXFileReference; fileEncoding = 4; lastKnownFileType = sourcecode.c.h; name = CAVectorUnit.h; path = Extras/CoreAudio/PublicUtility/CAVectorUnit.h; sourceTree = DEVELOPER_DIR; };
		FFDB859715141D23004BA672 /* audio.cpp */ = {isa = PBXFileReference; fileEncoding = 4; lastKnownFileType = sourcecode.cpp.cpp; path = audio.cpp; sourceTree = "<group>"; };
		FFDB859915141D9D004BA672 /* CAStreamBasicDescription.cpp */ = {isa = PBXFileReference; fileEncoding = 4; lastKnownFileType = sourcecode.cpp.cpp; name = CAStreamBasicDescription.cpp; path = Extras/CoreAudio/PublicUtility/CAStreamBasicDescription.cpp; sourceTree = DEVELOPER_DIR; };
		FFDB859A15141D9D004BA672 /* CAStreamBasicDescription.h */ = {isa = PBXFileReference; fileEncoding = 4; lastKnownFileType = sourcecode.c.h; name = CAStreamBasicDescription.h; path = Extras/CoreAudio/PublicUtility/CAStreamBasicDescription.h; sourceTree = DEVELOPER_DIR; };
		FFDB859C15141DDE004BA672 /* CAXException.cpp */ = {isa = PBXFileReference; fileEncoding = 4; lastKnownFileType = sourcecode.cpp.cpp; name = CAXException.cpp; path = Extras/CoreAudio/PublicUtility/CAXException.cpp; sourceTree = DEVELOPER_DIR; };
		FFDB859E15141DFF004BA672 /* CAXException.h */ = {isa = PBXFileReference; fileEncoding = 4; lastKnownFileType = sourcecode.c.h; name = CAXException.h; path = Extras/CoreAudio/PublicUtility/CAXException.h; sourceTree = DEVELOPER_DIR; };
		FFECCC6B151BBF2F003D3564 /* client_handler.cpp */ = {isa = PBXFileReference; fileEncoding = 4; lastKnownFileType = sourcecode.cpp.cpp; path = client_handler.cpp; sourceTree = "<group>"; };
		FFECCC6E151BBF49003D3564 /* client_handler.h */ = {isa = PBXFileReference; fileEncoding = 4; lastKnownFileType = sourcecode.c.h; path = client_handler.h; sourceTree = "<group>"; };
		FFECCCD7151BDF09003D3564 /* Resources */ = {isa = PBXFileReference; lastKnownFileType = folder; name = Resources; path = ../libcef/Resources; sourceTree = "<group>"; };
/* End PBXFileReference section */

/* Begin PBXFrameworksBuildPhase section */
		FFC1A2B51515302800D447CC /* Frameworks */ = {
			isa = PBXFrameworksBuildPhase;
			buildActionMask = 2147483647;
			files = (
				FFB5DFC7152E18B500E975D2 /* AudioToolbox.framework in Frameworks */,
				FFB5DFC5152E18AF00E975D2 /* AudioUnit.framework in Frameworks */,
				FF17E0061516EAE300A85EB4 /* libcef.dylib in Frameworks */,
				FFC1A2C51515307200D447CC /* AppKit.framework in Frameworks */,
				FFC1A2C41515306300D447CC /* Foundation.framework in Frameworks */,
				FFC1A2B91515302800D447CC /* Cocoa.framework in Frameworks */,
				FFC1A2CB151534AD00D447CC /* libcef_dll_wrapper.a in Frameworks */,
			);
			runOnlyForDeploymentPostprocessing = 0;
		};
		FFDB853815141284004BA672 /* Frameworks */ = {
			isa = PBXFrameworksBuildPhase;
			buildActionMask = 2147483647;
			files = (
				FFDB8557151419A3004BA672 /* AudioUnit.framework in Frameworks */,
				FFDB85551514199A004BA672 /* CoreServices.framework in Frameworks */,
				FFDB855315141990004BA672 /* AudioToolbox.framework in Frameworks */,
			);
			runOnlyForDeploymentPostprocessing = 0;
		};
/* End PBXFrameworksBuildPhase section */

/* Begin PBXGroup section */
		FF17DFE81516E97B00A85EB4 /* internal */ = {
			isa = PBXGroup;
			children = (
				FF17DFE91516E97B00A85EB4 /* cef_build.h */,
				FF17DFEA1516E97B00A85EB4 /* cef_export.h */,
				FF17DFEB1516E97B00A85EB4 /* cef_mac.h */,
				FF17DFEC1516E97B00A85EB4 /* cef_nplugin_types.h */,
				FF17DFED1516E97B00A85EB4 /* cef_ptr.h */,
				FF17DFEE1516E97B00A85EB4 /* cef_string.h */,
				FF17DFEF1516E97B00A85EB4 /* cef_string_list.h */,
				FF17DFF01516E97B00A85EB4 /* cef_string_map.h */,
				FF17DFF11516E97B00A85EB4 /* cef_string_multimap.h */,
				FF17DFF21516E97B00A85EB4 /* cef_string_types.h */,
				FF17DFF31516E97B00A85EB4 /* cef_string_wrappers.h */,
				FF17DFF41516E97B00A85EB4 /* cef_time.h */,
				FF17DFF51516E97B00A85EB4 /* cef_tuple.h */,
				FF17DFF61516E97B00A85EB4 /* cef_types.h */,
				FF17DFF71516E97B00A85EB4 /* cef_types_mac.h */,
				FF17DFF81516E97B00A85EB4 /* cef_types_wrappers.h */,
			);
			name = internal;
			path = libcef/include/internal;
			sourceTree = SOURCE_ROOT;
		};
		FF76445F1579538A00E41F35 /* Supporting Files */ = {
			isa = PBXGroup;
			children = (
				FF7644601579538A00E41F35 /* #PROJNAME-Info.plist */,
				FF7644611579538A00E41F35 /* #PROJNAME-Prefix.pch */,
				FF7644621579538A00E41F35 /* #PROJNAME.exp */,
				FF7644631579538A00E41F35 /* #PROJNAME.r */,
				FF7644641579538A00E41F35 /* audio.cpp */,
				FF7644651579538A00E41F35 /* InfoPlist.strings */,
			);
			name = "Supporting Files";
			path = "#PROJNAME";
			sourceTree = SOURCE_ROOT;
		};
		FFC1A2BA1515302800D447CC /* CocoaUI */ = {
			isa = PBXGroup;
			children = (
				FF6A97F8152F8BF700C8ED05 /* ui */,
				FFC1A2CD1515358900D447CC /* CEFSDK */,
				FFC1A2CC1515357B00D447CC /* Source */,
				FFC1A2BB1515302800D447CC /* Supporting Files */,
			);
			path = CocoaUI;
			sourceTree = "<group>";
		};
		FFC1A2BB1515302800D447CC /* Supporting Files */ = {
			isa = PBXGroup;
			children = (
				FFC1A2BC1515302800D447CC /* CocoaUI-Info.plist */,
				FFC1A2BD1515302800D447CC /* InfoPlist.strings */,
				FFC1A2C01515302800D447CC /* CocoaUI-Prefix.pch */,
				FFC1A2C81515345900D447CC /* cefview.xib */,
			);
			name = "Supporting Files";
			sourceTree = "<group>";
		};
		FFC1A2CC1515357B00D447CC /* Source */ = {
			isa = PBXGroup;
			children = (
				FFC1A2CE151535C100D447CC /* #PROJNAME_ViewFactory.h */,
				FFC1A2CF151535C100D447CC /* #PROJNAME_ViewFactory.mm */,
				FFC1A2D11515404A00D447CC /* #PROJNAME_CefView.h */,
				FFC1A2D21515404A00D447CC /* #PROJNAME_CefView.mm */,
				FFECCC6B151BBF2F003D3564 /* client_handler.cpp */,
				FFECCC6E151BBF49003D3564 /* client_handler.h */,
				FF6A97FB152F9AAF00C8ED05 /* CppV8Handler.cpp */,
				FF6A97FD152F9AC300C8ED05 /* CppV8Handler.h */,
			);
			name = Source;
			sourceTree = "<group>";
		};
		FFC1A2CD1515358900D447CC /* CEFSDK */ = {
			isa = PBXGroup;
			children = (
				FFECCCD7151BDF09003D3564 /* Resources */,
				FF17DFE01516E97B00A85EB4 /* cef_application_mac.h */,
				FF17DFE11516E97B00A85EB4 /* cef_capi.h */,
				FF17DFE21516E97B00A85EB4 /* cef_nplugin_capi.h */,
				FF17DFE31516E97B00A85EB4 /* cef_nplugin.h */,
				FF17DFE41516E97B00A85EB4 /* cef_runnable.h */,
				FF17DFE51516E97B00A85EB4 /* cef_version.h */,
				FF17DFE61516E97B00A85EB4 /* cef_wrapper.h */,
				FF17DFE71516E97B00A85EB4 /* cef.h */,
				FF17DFE81516E97B00A85EB4 /* internal */,
			);
			name = CEFSDK;
			sourceTree = "<group>";
		};
		FFDB853015141283004BA672 = {
			isa = PBXGroup;
			children = (
				FF17E0051516EAE300A85EB4 /* libcef.dylib */,
				FFC1A2CA151534AD00D447CC /* libcef_dll_wrapper.a */,
				FFDB8556151419A3004BA672 /* AudioUnit.framework */,
				FFDB85541514199A004BA672 /* CoreServices.framework */,
				FFDB855215141990004BA672 /* AudioToolbox.framework */,
				FFDB854415141284004BA672 /* Audio */,
				FFC1A2BA1515302800D447CC /* CocoaUI */,
				FFDB853D15141284004BA672 /* Frameworks */,
				FFDB853C15141284004BA672 /* Products */,
			);
			sourceTree = "<group>";
		};
		FFDB853C15141284004BA672 /* Products */ = {
			isa = PBXGroup;
			children = (
				FFDB853B15141284004BA672 /* #PROJNAME.component */,
				FFC1A2B81515302800D447CC /* CocoaUI.bundle */,
			);
			name = Products;
			sourceTree = "<group>";
		};
		FFDB853D15141284004BA672 /* Frameworks */ = {
			isa = PBXGroup;
			children = (
				FFDB853E15141284004BA672 /* Cocoa.framework */,
				FFDB854015141284004BA672 /* Other Frameworks */,
			);
			name = Frameworks;
			sourceTree = "<group>";
		};
		FFDB854015141284004BA672 /* Other Frameworks */ = {
			isa = PBXGroup;
			children = (
				FFDB854115141284004BA672 /* AppKit.framework */,
				FFDB854215141284004BA672 /* CoreData.framework */,
				FFDB854315141284004BA672 /* Foundation.framework */,
			);
			name = "Other Frameworks";
			sourceTree = "<group>";
		};
		FFDB854415141284004BA672 /* Audio */ = {
			isa = PBXGroup;
			children = (
				FF76445F1579538A00E41F35 /* Supporting Files */,
				FFDB85511514136D004BA672 /* AU SDK */,
				FFDB85501514135C004BA672 /* AU Source */,
			);
			name = Audio;
			path = #PROJNAME;
			sourceTree = "<group>";
		};
		FFDB85501514135C004BA672 /* AU Source */ = {
			isa = PBXGroup;
			children = (
				FFDB859715141D23004BA672 /* audio.cpp */,
			);
			name = "AU Source";
			sourceTree = "<group>";
		};
		FFDB85511514136D004BA672 /* AU SDK */ = {
			isa = PBXGroup;
			children = (
				FFDB859E15141DFF004BA672 /* CAXException.h */,
				FFDB859C15141DDE004BA672 /* CAXException.cpp */,
				FFDB859915141D9D004BA672 /* CAStreamBasicDescription.cpp */,
				FFDB859A15141D9D004BA672 /* CAStreamBasicDescription.h */,
				FFDB858415141D04004BA672 /* CAAudioChannelLayout.cpp */,
				FFDB858515141D04004BA672 /* CAAudioChannelLayout.h */,
				FFDB858615141D04004BA672 /* CAAutoDisposer.h */,
				FFDB858715141D04004BA672 /* CADebugMacros.cpp */,
				FFDB858815141D04004BA672 /* CADebugMacros.h */,
				FFDB858915141D04004BA672 /* CAException.h */,
				FFDB858A15141D04004BA672 /* CAHostTimeBase.cpp */,
				FFDB858B15141D04004BA672 /* CAHostTimeBase.h */,
				FFDB858C15141D05004BA672 /* CAMath.h */,
				FFDB858F15141D05004BA672 /* CAThreadSafeList.h */,
				FFDB859015141D05004BA672 /* CAVectorUnit.cpp */,
				FFDB859115141D05004BA672 /* CAVectorUnit.h */,
				FFDB857515141B92004BA672 /* Utility */,
				FFDB857215141B83004BA672 /* AUEffectBase.cpp */,
				FFDB857315141B83004BA672 /* AUEffectBase.h */,
				FFDB855D15141B6E004BA672 /* AUBase */,
			);
			name = "AU SDK";
			sourceTree = "<group>";
		};
		FFDB855D15141B6E004BA672 /* AUBase */ = {
			isa = PBXGroup;
			children = (
				FFDB855E15141B6E004BA672 /* AUBase.cpp */,
				FFDB855F15141B6E004BA672 /* AUBase.h */,
				FFDB856015141B6E004BA672 /* AUDispatch.cpp */,
				FFDB856115141B6E004BA672 /* AUDispatch.h */,
				FFDB856215141B6E004BA672 /* AUInputElement.cpp */,
				FFDB856315141B6E004BA672 /* AUInputElement.h */,
				FFDB856415141B6E004BA672 /* AUOutputElement.cpp */,
				FFDB856515141B6E004BA672 /* AUOutputElement.h */,
				FFDB856615141B6E004BA672 /* AUResources.r */,
				FFDB856715141B6E004BA672 /* AUScopeElement.cpp */,
				FFDB856815141B6E004BA672 /* AUScopeElement.h */,
				FFDB856915141B6E004BA672 /* ComponentBase.cpp */,
				FFDB856A15141B6E004BA672 /* ComponentBase.h */,
			);
			name = AUBase;
			path = Extras/CoreAudio/AudioUnits/AUPublic/AUBase;
			sourceTree = DEVELOPER_DIR;
		};
		FFDB857515141B92004BA672 /* Utility */ = {
			isa = PBXGroup;
			children = (
				FFDB857615141B92004BA672 /* AUBaseHelper.cpp */,
				FFDB857715141B92004BA672 /* AUBaseHelper.h */,
				FFDB857815141B92004BA672 /* AUBuffer.cpp */,
				FFDB857915141B92004BA672 /* AUBuffer.h */,
				FFDB857A15141B92004BA672 /* AUDebugDispatcher.cpp */,
				FFDB857B15141B92004BA672 /* AUDebugDispatcher.h */,
				FFDB857C15141B92004BA672 /* AUInputFormatConverter.h */,
				FFDB857D15141B92004BA672 /* AUSilentTimeout.h */,
				FFDB857E15141B92004BA672 /* AUTimestampGenerator.cpp */,
				FFDB857F15141B92004BA672 /* AUTimestampGenerator.h */,
			);
			name = Utility;
			path = Extras/CoreAudio/AudioUnits/AUPublic/Utility;
			sourceTree = DEVELOPER_DIR;
		};
/* End PBXGroup section */

/* Begin PBXNativeTarget section */
		FFC1A2B71515302800D447CC /* CocoaUI */ = {
			isa = PBXNativeTarget;
			buildConfigurationList = FFC1A2C11515302800D447CC /* Build configuration list for PBXNativeTarget "CocoaUI" */;
			buildPhases = (
				FFC1A2B41515302800D447CC /* Sources */,
				FFC1A2B51515302800D447CC /* Frameworks */,
				FFC1A2B61515302800D447CC /* Resources */,
				FF17E0071516EBFD00A85EB4 /* CopyFiles */,
				FFECCC70151BDE37003D3564 /* CopyFiles */,
			);
			buildRules = (
			);
			dependencies = (
			);
			name = CocoaUI;
			productName = CocoaUI;
			productReference = FFC1A2B81515302800D447CC /* CocoaUI.bundle */;
			productType = "com.apple.product-type.bundle";
		};
		FFDB853A15141284004BA672 /* #PROJNAME */ = {
			isa = PBXNativeTarget;
			buildConfigurationList = FFDB854D15141284004BA672 /* Build configuration list for PBXNativeTarget "#PROJNAME" */;
			buildPhases = (
				FFDB853715141284004BA672 /* Sources */,
				FFDB853815141284004BA672 /* Frameworks */,
				FFDB853915141284004BA672 /* Resources */,
				FFDB855915141A67004BA672 /* Rez */,
				FF17DFDE1516D05300A85EB4 /* CopyFiles */,
			);
			buildRules = (
			);
			dependencies = (
				FFC1A2C71515309900D447CC /* PBXTargetDependency */,
			);
			name = "#PROJNAME";
			productName = #PROJNAME;
			productReference = FFDB853B15141284004BA672 /* #PROJNAME.component */;
			productType = "com.apple.product-type.bundle";
		};
/* End PBXNativeTarget section */

/* Begin PBXProject section */
		FFDB853215141283004BA672 /* Project object */ = {
			isa = PBXProject;
			attributes = {
				LastUpgradeCheck = 0420;
			};
			buildConfigurationList = FFDB853515141283004BA672 /* Build configuration list for PBXProject "#PROJNAME" */;
			compatibilityVersion = "Xcode 3.2";
			developmentRegion = English;
			hasScannedForEncodings = 0;
			knownRegions = (
				en,
				am,
				ar,
				bg,
				bn,
				ca,
				cs,
				da,
				de,
				el,
				en_GB,
				es,
				es_419,
				et,
				fa,
				fi,
				fil,
				fr,
				gu,
				he,
				hi,
				hr,
				hu,
				id,
				it,
				ja,
				kn,
				ko,
				lt,
				lv,
				ml,
				mr,
				nb,
				nl,
				pl,
				pt_BR,
				pt_PT,
				ro,
				ru,
				sk,
				sl,
				sr,
				sv,
				sw,
				ta,
				te,
				th,
				tr,
				uk,
				vi,
				zh_CN,
				zh_TW,
			);
			mainGroup = FFDB853015141283004BA672;
			productRefGroup = FFDB853C15141284004BA672 /* Products */;
			projectDirPath = "";
			projectRoot = "";
			targets = (
				FFDB853A15141284004BA672 /* #PROJNAME */,
				FFC1A2B71515302800D447CC /* CocoaUI */,
			);
		};
/* End PBXProject section */

/* Begin PBXResourcesBuildPhase section */
		FFC1A2B61515302800D447CC /* Resources */ = {
			isa = PBXResourcesBuildPhase;
			buildActionMask = 2147483647;
			files = (
				FFC1A2BF1515302800D447CC /* InfoPlist.strings in Resources */,
				FFC1A2C91515345900D447CC /* cefview.xib in Resources */,
				FF6A97FA152F8C1400C8ED05 /* ui in Resources */,
			);
			runOnlyForDeploymentPostprocessing = 0;
		};
		FFDB853915141284004BA672 /* Resources */ = {
			isa = PBXResourcesBuildPhase;
			buildActionMask = 2147483647;
			files = (
				FF7644671579538A00E41F35 /* #PROJNAME-Info.plist in Resources */,
				FF76446B1579538A00E41F35 /* InfoPlist.strings in Resources */,
			);
			runOnlyForDeploymentPostprocessing = 0;
		};
/* End PBXResourcesBuildPhase section */

/* Begin PBXRezBuildPhase section */
		FFDB855915141A67004BA672 /* Rez */ = {
			isa = PBXRezBuildPhase;
			buildActionMask = 2147483647;
			files = (
				FF7644691579538A00E41F35 /* #PROJNAME.r in Rez */,
			);
			runOnlyForDeploymentPostprocessing = 0;
		};
/* End PBXRezBuildPhase section */

/* Begin PBXSourcesBuildPhase section */
		FFC1A2B41515302800D447CC /* Sources */ = {
			isa = PBXSourcesBuildPhase;
			buildActionMask = 2147483647;
			files = (
				FFECCC6F151BBF5D003D3564 /* client_handler.cpp in Sources */,
				FFC1A2D0151535C100D447CC /* #PROJNAME_ViewFactory.mm in Sources */,
				FFC1A2D31515404A00D447CC /* #PROJNAME_CefView.mm in Sources */,
				FF6A97FC152F9AAF00C8ED05 /* CppV8Handler.cpp in Sources */,
			);
			runOnlyForDeploymentPostprocessing = 0;
		};
		FFDB853715141284004BA672 /* Sources */ = {
			isa = PBXSourcesBuildPhase;
			buildActionMask = 2147483647;
			files = (
				FFDB856B15141B6E004BA672 /* AUBase.cpp in Sources */,
				FFDB856C15141B6E004BA672 /* AUDispatch.cpp in Sources */,
				FFDB856D15141B6E004BA672 /* AUInputElement.cpp in Sources */,
				FFDB856E15141B6E004BA672 /* AUOutputElement.cpp in Sources */,
				FFDB857015141B6E004BA672 /* AUScopeElement.cpp in Sources */,
				FFDB857115141B6E004BA672 /* ComponentBase.cpp in Sources */,
				FFDB857415141B83004BA672 /* AUEffectBase.cpp in Sources */,
				FFDB858015141B92004BA672 /* AUBaseHelper.cpp in Sources */,
				FFDB858115141B92004BA672 /* AUBuffer.cpp in Sources */,
				FFDB858215141B92004BA672 /* AUDebugDispatcher.cpp in Sources */,
				FFDB858315141B92004BA672 /* AUTimestampGenerator.cpp in Sources */,
				FFDB859215141D05004BA672 /* CAAudioChannelLayout.cpp in Sources */,
				FFDB859315141D05004BA672 /* CADebugMacros.cpp in Sources */,
				FFDB859415141D05004BA672 /* CAHostTimeBase.cpp in Sources */,
				FFDB859615141D05004BA672 /* CAVectorUnit.cpp in Sources */,
				FFDB859815141D23004BA672 /* audio.cpp in Sources */,
				FFDB859B15141D9D004BA672 /* CAStreamBasicDescription.cpp in Sources */,
				FFDB859D15141DDE004BA672 /* CAXException.cpp in Sources */,
				FF7644681579538A00E41F35 /* #PROJNAME.exp in Sources */,
				FF76446A1579538A00E41F35 /* audio.cpp in Sources */,
			);
			runOnlyForDeploymentPostprocessing = 0;
		};
/* End PBXSourcesBuildPhase section */

/* Begin PBXTargetDependency section */
		FFC1A2C71515309900D447CC /* PBXTargetDependency */ = {
			isa = PBXTargetDependency;
			target = FFC1A2B71515302800D447CC /* CocoaUI */;
			targetProxy = FFC1A2C61515309900D447CC /* PBXContainerItemProxy */;
		};
/* End PBXTargetDependency section */

/* Begin PBXVariantGroup section */
		FF7644651579538A00E41F35 /* InfoPlist.strings */ = {
			isa = PBXVariantGroup;
			children = (
				FF7644661579538A00E41F35 /* en */,
			);
			name = InfoPlist.strings;
			sourceTree = "<group>";
		};
		FFC1A2BD1515302800D447CC /* InfoPlist.strings */ = {
			isa = PBXVariantGroup;
			children = (
				FFC1A2BE1515302800D447CC /* en */,
			);
			name = InfoPlist.strings;
			sourceTree = "<group>";
		};
/* End PBXVariantGroup section */

/* Begin XCBuildConfiguration section */
		FFC1A2C21515302800D447CC /* Debug */ = {
			isa = XCBuildConfiguration;
			buildSettings = {
				ARCHS = "$(ARCHS_STANDARD_32_BIT)";
				CLANG_CXX_LANGUAGE_STANDARD = "c++0x";
				CLANG_CXX_LIBRARY = "compiler-default";
				GCC_PRECOMPILE_PREFIX_HEADER = YES;
				GCC_PREFIX_HEADER = "CocoaUI/CocoaUI-Prefix.pch";
				INFOPLIST_FILE = "CocoaUI/CocoaUI-Info.plist";
				INSTALL_PATH = "$(LOCAL_LIBRARY_DIR)/Bundles";
				LD_RUNPATH_SEARCH_PATHS = "@loader_path .";
				LIBRARY_SEARCH_PATHS = (
					"$(inherited)",
					"\"$(SRCROOT)/libcef/lib\"",
				);
				PRODUCT_NAME = "$(TARGET_NAME)";
				WRAPPER_EXTENSION = bundle;
			};
			name = Debug;
		};
		FFC1A2C31515302800D447CC /* Release */ = {
			isa = XCBuildConfiguration;
			buildSettings = {
				ARCHS = "$(ARCHS_STANDARD_32_BIT)";
				CLANG_CXX_LANGUAGE_STANDARD = "c++0x";
				CLANG_CXX_LIBRARY = "compiler-default";
				GCC_PRECOMPILE_PREFIX_HEADER = YES;
				GCC_PREFIX_HEADER = "CocoaUI/CocoaUI-Prefix.pch";
				INFOPLIST_FILE = "CocoaUI/CocoaUI-Info.plist";
				INSTALL_PATH = "$(LOCAL_LIBRARY_DIR)/Bundles";
				LD_RUNPATH_SEARCH_PATHS = "@loader_path .";
				LIBRARY_SEARCH_PATHS = (
					"$(inherited)",
					"\"$(SRCROOT)/libcef/lib\"",
				);
				PRODUCT_NAME = "$(TARGET_NAME)";
				WRAPPER_EXTENSION = bundle;
			};
			name = Release;
		};
		FFDB854B15141284004BA672 /* Debug */ = {
			isa = XCBuildConfiguration;
			buildSettings = {
				ALWAYS_SEARCH_USER_PATHS = NO;
				ARCHS = "$(ARCHS_STANDARD_64_BIT)";
				COPY_PHASE_STRIP = NO;
				GCC_C_LANGUAGE_STANDARD = gnu99;
				GCC_DYNAMIC_NO_PIC = NO;
				GCC_ENABLE_OBJC_EXCEPTIONS = YES;
				GCC_OPTIMIZATION_LEVEL = 0;
				GCC_PREPROCESSOR_DEFINITIONS = (
					"DEBUG=1",
					"$(inherited)",
				);
				GCC_SYMBOLS_PRIVATE_EXTERN = NO;
				GCC_VERSION = com.apple.compilers.llvm.clang.1_0;
				GCC_WARN_64_TO_32_BIT_CONVERSION = YES;
				GCC_WARN_ABOUT_MISSING_PROTOTYPES = YES;
				GCC_WARN_ABOUT_RETURN_TYPE = YES;
				GCC_WARN_UNUSED_VARIABLE = YES;
				MACOSX_DEPLOYMENT_TARGET = 10.6;
				ONLY_ACTIVE_ARCH = YES;
				SDKROOT = macosx;
			};
			name = Debug;
		};
		FFDB854C15141284004BA672 /* Release */ = {
			isa = XCBuildConfiguration;
			buildSettings = {
				ALWAYS_SEARCH_USER_PATHS = NO;
				ARCHS = "$(ARCHS_STANDARD_64_BIT)";
				COPY_PHASE_STRIP = YES;
				DEBUG_INFORMATION_FORMAT = "dwarf-with-dsym";
				GCC_C_LANGUAGE_STANDARD = gnu99;
				GCC_ENABLE_OBJC_EXCEPTIONS = YES;
				GCC_VERSION = com.apple.compilers.llvm.clang.1_0;
				GCC_WARN_64_TO_32_BIT_CONVERSION = YES;
				GCC_WARN_ABOUT_MISSING_PROTOTYPES = YES;
				GCC_WARN_ABOUT_RETURN_TYPE = YES;
				GCC_WARN_UNUSED_VARIABLE = YES;
				MACOSX_DEPLOYMENT_TARGET = 10.6;
				ONLY_ACTIVE_ARCH = YES;
				SDKROOT = macosx;
			};
			name = Release;
		};
		FFDB854E15141284004BA672 /* Debug */ = {
			isa = XCBuildConfiguration;
			buildSettings = {
				ARCHS = "$(ARCHS_STANDARD_32_BIT)";
				DEPLOYMENT_LOCATION = YES;
				DEPLOYMENT_POSTPROCESSING = YES;
				DSTROOT = /;
				EXPORTED_SYMBOLS_FILE = "#PROJNAME/#PROJNAME.exp";
				GCC_PRECOMPILE_PREFIX_HEADER = YES;
				GCC_PREFIX_HEADER = "#PROJNAME/#PROJNAME-Prefix.pch";
				INFOPLIST_FILE = "#PROJNAME/#PROJNAME-Info.plist";
				INSTALL_PATH = "$(LOCAL_LIBRARY_DIR)/Audio/Plug-Ins/Components/";
				ONLY_ACTIVE_ARCH = NO;
				OTHER_REZFLAGS = "-d i386_$i386 -I /System/Library/Frameworks/CoreServices.framework/Frameworks/CarbonCore.framework/Versions/A/Headers -I /Developer/Extras/CoreAudio/AudioUnits/AUPublic/AUBase";
				PRODUCT_NAME = "#PROJNAME";
				REZ_SEARCH_PATHS = (
					/Developer/Extras/CoreAudio/AudioUnits/AUPublic/AUBase,
					/System/Library/Frameworks/CoreServices.framework/Frameworks/CarbonCore.framework/Versions/A/Headers,
				);
				WRAPPER_EXTENSION = component;
			};
			name = Debug;
		};
		FFDB854F15141284004BA672 /* Release */ = {
			isa = XCBuildConfiguration;
			buildSettings = {
				ARCHS = "$(ARCHS_STANDARD_32_BIT)";
				DEPLOYMENT_LOCATION = YES;
				DEPLOYMENT_POSTPROCESSING = YES;
				DSTROOT = /;
				EXPORTED_SYMBOLS_FILE = "#PROJNAME/#PROJNAME.exp";
				GCC_PRECOMPILE_PREFIX_HEADER = YES;
				GCC_PREFIX_HEADER = "#PROJNAME/#PROJNAME-Prefix.pch";
				INFOPLIST_FILE = "#PROJNAME/#PROJNAME-Info.plist";
				INSTALL_PATH = "$(LOCAL_LIBRARY_DIR)/Audio/Plug-Ins/Components/";
				OTHER_REZFLAGS = "-d i386_$i386 -I /System/Library/Frameworks/CoreServices.framework/Frameworks/CarbonCore.framework/Versions/A/Headers -I /Developer/Extras/CoreAudio/AudioUnits/AUPublic/AUBase";
				PRODUCT_NAME = "#PROJNAME";
				REZ_SEARCH_PATHS = (
					/Developer/Extras/CoreAudio/AudioUnits/AUPublic/AUBase,
					/System/Library/Frameworks/CoreServices.framework/Frameworks/CarbonCore.framework/Versions/A/Headers,
				);
				WRAPPER_EXTENSION = component;
			};
			name = Release;
		};
/* End XCBuildConfiguration section */

/* Begin XCConfigurationList section */
		FFC1A2C11515302800D447CC /* Build configuration list for PBXNativeTarget "CocoaUI" */ = {
			isa = XCConfigurationList;
			buildConfigurations = (
				FFC1A2C21515302800D447CC /* Debug */,
				FFC1A2C31515302800D447CC /* Release */,
			);
			defaultConfigurationIsVisible = 0;
			defaultConfigurationName = Release;
		};
		FFDB853515141283004BA672 /* Build configuration list for PBXProject "#PROJNAME" */ = {
			isa = XCConfigurationList;
			buildConfigurations = (
				FFDB854B15141284004BA672 /* Debug */,
				FFDB854C15141284004BA672 /* Release */,
			);
			defaultConfigurationIsVisible = 0;
			defaultConfigurationName = Release;
		};
		FFDB854D15141284004BA672 /* Build configuration list for PBXNativeTarget "#PROJNAME" */ = {
			isa = XCConfigurationList;
			buildConfigurations = (
				FFDB854E15141284004BA672 /* Debug */,
				FFDB854F15141284004BA672 /* Release */,
			);
			defaultConfigurationIsVisible = 0;
			defaultConfigurationName = Release;
		};
/* End XCConfigurationList section */
	};
	rootObject = FFDB853215141283004BA672 /* Project object */;
}
