// !$*UTF8*$!
{
	archiveVersion = 1;
	classes = {
	};
	objectVersion = 46;
	objects = {

/* Begin PBXBuildFile section */
		FF08F68515D4348600A8A646 /* Cocoa.framework in Frameworks */ = {isa = PBXBuildFile; fileRef = FF08F68415D4348600A8A646 /* Cocoa.framework */; };
		FF08F68F15D4348600A8A646 /* InfoPlist.strings in Resources */ = {isa = PBXBuildFile; fileRef = FF08F68D15D4348600A8A646 /* InfoPlist.strings */; };
		FF08F69115D4348600A8A646 /* main.mm in Sources */ = {isa = PBXBuildFile; fileRef = FF08F69015D4348600A8A646 /* main.mm */; };
		FF08F69815D4348600A8A646 /* #PROJNAMEAppDelegate.mm in Sources */ = {isa = PBXBuildFile; fileRef = FF08F69715D4348600A8A646 /* #PROJNAMEAppDelegate.mm */; };
		FF08F69B15D4348700A8A646 /* MainMenu.xib in Resources */ = {isa = PBXBuildFile; fileRef = FF08F69915D4348700A8A646 /* MainMenu.xib */; };
		FF08F6CF15D441AF00A8A646 /* CAXException.cpp in Sources */ = {isa = PBXBuildFile; fileRef = FFDB859C15141DDE004BA672 /* CAXException.cpp */; };
		FF08F6D015D441F600A8A646 /* AUBaseHelper.cpp in Sources */ = {isa = PBXBuildFile; fileRef = FFDB857615141B92004BA672 /* AUBaseHelper.cpp */; };
		FF08F6D115D441F600A8A646 /* AUBuffer.cpp in Sources */ = {isa = PBXBuildFile; fileRef = FFDB857815141B92004BA672 /* AUBuffer.cpp */; };
		FF08F6D315D441F600A8A646 /* AUTimestampGenerator.cpp in Sources */ = {isa = PBXBuildFile; fileRef = FFDB857E15141B92004BA672 /* AUTimestampGenerator.cpp */; };
		FF08F6D415D441F600A8A646 /* AUBase.cpp in Sources */ = {isa = PBXBuildFile; fileRef = FFDB855E15141B6E004BA672 /* AUBase.cpp */; };
		FF08F6D515D441F600A8A646 /* AUDispatch.cpp in Sources */ = {isa = PBXBuildFile; fileRef = FFDB856015141B6E004BA672 /* AUDispatch.cpp */; };
		FF08F6D615D4423300A8A646 /* AUInputElement.cpp in Sources */ = {isa = PBXBuildFile; fileRef = FFDB856215141B6E004BA672 /* AUInputElement.cpp */; };
		FF08F6D715D4423300A8A646 /* AUOutputElement.cpp in Sources */ = {isa = PBXBuildFile; fileRef = FFDB856415141B6E004BA672 /* AUOutputElement.cpp */; };
		FF08F6D815D4423300A8A646 /* AUScopeElement.cpp in Sources */ = {isa = PBXBuildFile; fileRef = FFDB856715141B6E004BA672 /* AUScopeElement.cpp */; };
		FF08F6D915D4423300A8A646 /* ComponentBase.cpp in Sources */ = {isa = PBXBuildFile; fileRef = FFDB856915141B6E004BA672 /* ComponentBase.cpp */; };
		FF08F6DA15D4425900A8A646 /* audio.cpp in Sources */ = {isa = PBXBuildFile; fileRef = FFDB859715141D23004BA672 /* audio.cpp */; };
		FF08F6DB15D4428B00A8A646 /* CAAudioChannelLayout.cpp in Sources */ = {isa = PBXBuildFile; fileRef = FFDB858415141D04004BA672 /* CAAudioChannelLayout.cpp */; };
		FF08F6DC15D442A700A8A646 /* CAStreamBasicDescription.cpp in Sources */ = {isa = PBXBuildFile; fileRef = FFDB859915141D9D004BA672 /* CAStreamBasicDescription.cpp */; };
		FF08F6DD15D442A700A8A646 /* CADebugMacros.cpp in Sources */ = {isa = PBXBuildFile; fileRef = FFDB858715141D04004BA672 /* CADebugMacros.cpp */; };
		FF08F6DE15D442A700A8A646 /* CAHostTimeBase.cpp in Sources */ = {isa = PBXBuildFile; fileRef = FFDB858A15141D04004BA672 /* CAHostTimeBase.cpp */; };
		FF08F6DF15D442A700A8A646 /* CAVectorUnit.cpp in Sources */ = {isa = PBXBuildFile; fileRef = FFDB859015141D05004BA672 /* CAVectorUnit.cpp */; };
		FF08F6E015D442C000A8A646 /* AUEffectBase.cpp in Sources */ = {isa = PBXBuildFile; fileRef = FFDB857215141B83004BA672 /* AUEffectBase.cpp */; };
		FF08F6E115D4432D00A8A646 /* jsaubase.cpp in Sources */ = {isa = PBXBuildFile; fileRef = FF234F2615CC6EB8003C97AA /* jsaubase.cpp */; };
		FF08F6E215D4434400A8A646 /* AudioUnit.framework in Frameworks */ = {isa = PBXBuildFile; fileRef = FFDB8556151419A3004BA672 /* AudioUnit.framework */; };
		FF08F6E415D459BA00A8A646 /* #PROJNAME_WebView.mm in Sources */ = {isa = PBXBuildFile; fileRef = FFC1A2D21515404A00D447CC /* #PROJNAME_WebView.mm */; };
		FF08F6EA15D45A2900A8A646 /* AudioToolbox.framework in Frameworks */ = {isa = PBXBuildFile; fileRef = FFDB855215141990004BA672 /* AudioToolbox.framework */; };
		FF08F6F015D45C5500A8A646 /* ui in CopyFiles */ = {isa = PBXBuildFile; fileRef = FF6A97F8152F8BF700C8ED05 /* ui */; };
		FF08F6F215D474B500A8A646 /* CoreAudio.framework in Frameworks */ = {isa = PBXBuildFile; fileRef = FF08F6F115D474B500A8A646 /* CoreAudio.framework */; };
		FF17DFDF1516D05E00A85EB4 /* CocoaUI.bundle in CopyFiles */ = {isa = PBXBuildFile; fileRef = FFC1A2B81515302800D447CC /* CocoaUI.bundle */; };
		FF1C162A15F120D7003D9B0B /* AUPlugInDispatch.cpp in Sources */ = {isa = PBXBuildFile; fileRef = FF1C162815F120D7003D9B0B /* AUPlugInDispatch.cpp */; };
		FF1C162B15F12118003D9B0B /* AUPlugInDispatch.cpp in Sources */ = {isa = PBXBuildFile; fileRef = FF1C162815F120D7003D9B0B /* AUPlugInDispatch.cpp */; };
		FF234F2715CC6EB8003C97AA /* jsaubase.cpp in Sources */ = {isa = PBXBuildFile; fileRef = FF234F2615CC6EB8003C97AA /* jsaubase.cpp */; };
		FF34723116C8CF690025B91C /* AUMIDIBase.cpp in Sources */ = {isa = PBXBuildFile; fileRef = FF367A3016C8C59000DBBBE5 /* AUMIDIBase.cpp */; };
		FF34723216C8CF690025B91C /* AUMIDIEffectBase.cpp in Sources */ = {isa = PBXBuildFile; fileRef = FF367A3216C8C59000DBBBE5 /* AUMIDIEffectBase.cpp */; };
		FF34723316C8CF6A0025B91C /* AUMIDIBase.cpp in Sources */ = {isa = PBXBuildFile; fileRef = FF367A3016C8C59000DBBBE5 /* AUMIDIBase.cpp */; };
		FF34723416C8CF6A0025B91C /* AUMIDIEffectBase.cpp in Sources */ = {isa = PBXBuildFile; fileRef = FF367A3216C8C59000DBBBE5 /* AUMIDIEffectBase.cpp */; };
		FF367A3416C8C59000DBBBE5 /* AUMIDIBase.cpp in Sources */ = {isa = PBXBuildFile; fileRef = FF367A3016C8C59000DBBBE5 /* AUMIDIBase.cpp */; };
		FF367A3516C8C59000DBBBE5 /* AUMIDIEffectBase.cpp in Sources */ = {isa = PBXBuildFile; fileRef = FF367A3216C8C59000DBBBE5 /* AUMIDIEffectBase.cpp */; };
		FF38EDAF16D1AE1D00FE87B8 /* MusicDeviceBase.cpp in Sources */ = {isa = PBXBuildFile; fileRef = FF38EDAD16D1AE1D00FE87B8 /* MusicDeviceBase.cpp */; };
		FF41350415E1A46C001ACF64 /* WebKit.framework in Frameworks */ = {isa = PBXBuildFile; fileRef = FF41350315E1A46C001ACF64 /* WebKit.framework */; };
		FF45E62615F12B4A00280886 /* AUEffectBase.cpp in Sources */ = {isa = PBXBuildFile; fileRef = FFDB857215141B83004BA672 /* AUEffectBase.cpp */; };
		FF45E62715F12B4F00280886 /* AUPlugInDispatch.cpp in Sources */ = {isa = PBXBuildFile; fileRef = FF1C162815F120D7003D9B0B /* AUPlugInDispatch.cpp */; };
		FF45E62815F12B5500280886 /* AUBase.cpp in Sources */ = {isa = PBXBuildFile; fileRef = FFDB855E15141B6E004BA672 /* AUBase.cpp */; };
		FF45E62B15F12B6000280886 /* AUOutputElement.cpp in Sources */ = {isa = PBXBuildFile; fileRef = FFDB856415141B6E004BA672 /* AUOutputElement.cpp */; };
		FF45E62C15F12B6400280886 /* AUScopeElement.cpp in Sources */ = {isa = PBXBuildFile; fileRef = FFDB856715141B6E004BA672 /* AUScopeElement.cpp */; };
		FF45E62D15F12B6700280886 /* ComponentBase.cpp in Sources */ = {isa = PBXBuildFile; fileRef = FFDB856915141B6E004BA672 /* ComponentBase.cpp */; };
		FF45E62F15F12D5500280886 /* CoreFoundation.framework in Frameworks */ = {isa = PBXBuildFile; fileRef = FF45E62E15F12D5500280886 /* CoreFoundation.framework */; };
		FF45E63315F12E9200280886 /* AudioToolbox.framework in Frameworks */ = {isa = PBXBuildFile; fileRef = FF45E63015F12E9100280886 /* AudioToolbox.framework */; };
		FF45E63515F12E9200280886 /* CoreAudio.framework in Frameworks */ = {isa = PBXBuildFile; fileRef = FF45E63215F12E9200280886 /* CoreAudio.framework */; };
		FF45E63615F12EB400280886 /* CAVectorUnit.cpp in Sources */ = {isa = PBXBuildFile; fileRef = FFDB859015141D05004BA672 /* CAVectorUnit.cpp */; };
		FF45E63715F12EB800280886 /* CAStreamBasicDescription.cpp in Sources */ = {isa = PBXBuildFile; fileRef = FFDB859915141D9D004BA672 /* CAStreamBasicDescription.cpp */; };
		FF45E63815F12EC700280886 /* AUBaseHelper.cpp in Sources */ = {isa = PBXBuildFile; fileRef = FFDB857615141B92004BA672 /* AUBaseHelper.cpp */; };
		FF45E63915F12ECB00280886 /* AUBuffer.cpp in Sources */ = {isa = PBXBuildFile; fileRef = FFDB857815141B92004BA672 /* AUBuffer.cpp */; };
		FF45E63A15F12ECE00280886 /* AUTimestampGenerator.cpp in Sources */ = {isa = PBXBuildFile; fileRef = FFDB857E15141B92004BA672 /* AUTimestampGenerator.cpp */; };
		FF45E63B15F12EF500280886 /* jsaubase.cpp in Sources */ = {isa = PBXBuildFile; fileRef = FF234F2615CC6EB8003C97AA /* jsaubase.cpp */; };
		FF45E63C15F12EFC00280886 /* AUInputElement.cpp in Sources */ = {isa = PBXBuildFile; fileRef = FFDB856215141B6E004BA672 /* AUInputElement.cpp */; };
		FF45E63D15F12F4B00280886 /* CAAudioChannelLayout.cpp in Sources */ = {isa = PBXBuildFile; fileRef = FFDB858415141D04004BA672 /* CAAudioChannelLayout.cpp */; };
		FF45E63E15F12F5100280886 /* CAHostTimeBase.cpp in Sources */ = {isa = PBXBuildFile; fileRef = FFDB858A15141D04004BA672 /* CAHostTimeBase.cpp */; };
		FF567EE315DE9BC5005090B3 /* #PROJNAME.icns in Resources */ = {isa = PBXBuildFile; fileRef = FF567EE215DE9BC5005090B3 /* #PROJNAME.icns */; };
		FF567EE415DE9BC5005090B3 /* #PROJNAME.icns in Resources */ = {isa = PBXBuildFile; fileRef = FF567EE215DE9BC5005090B3 /* #PROJNAME.icns */; };
		FF5C463615F1CEF8002FF019 /* AUWrapper.mm in Sources */ = {isa = PBXBuildFile; fileRef = FFAB983215E68603008D97F1 /* AUWrapper.mm */; };
		FF5C463815F1CEFC002FF019 /* AUPropParamBase.mm in Sources */ = {isa = PBXBuildFile; fileRef = FFAB983C15E92EDF008D97F1 /* AUPropParamBase.mm */; };
		FF5C463915F1CEFF002FF019 /* AUProp.mm in Sources */ = {isa = PBXBuildFile; fileRef = FFAB984015E9307F008D97F1 /* AUProp.mm */; };
		FF5C463A15F1CF03002FF019 /* AUParam.mm in Sources */ = {isa = PBXBuildFile; fileRef = FF72865715E9406C0075FC5A /* AUParam.mm */; };
		FF5C463E15F50AEB002FF019 /* iosAUEvents.cpp in Sources */ = {isa = PBXBuildFile; fileRef = FF5C463D15F50AEB002FF019 /* iosAUEvents.cpp */; };
		FF5C464015F5104C002FF019 /* ui in CopyFiles */ = {isa = PBXBuildFile; fileRef = FF6A97F8152F8BF700C8ED05 /* ui */; };
		FF5C464315F55ECD002FF019 /* obsfu.mm in Sources */ = {isa = PBXBuildFile; fileRef = FF5C464115F55ECD002FF019 /* obsfu.mm */; };
		FF5C464415F55ECD002FF019 /* obsfu.mm in Sources */ = {isa = PBXBuildFile; fileRef = FF5C464115F55ECD002FF019 /* obsfu.mm */; };
		FF5C464515F55ECD002FF019 /* obsfu.mm in Sources */ = {isa = PBXBuildFile; fileRef = FF5C464115F55ECD002FF019 /* obsfu.mm */; };
		FF72865815E9406C0075FC5A /* AUParam.mm in Sources */ = {isa = PBXBuildFile; fileRef = FF72865715E9406C0075FC5A /* AUParam.mm */; };
		FF72865915E9406C0075FC5A /* AUParam.mm in Sources */ = {isa = PBXBuildFile; fileRef = FF72865715E9406C0075FC5A /* AUParam.mm */; };
		FF7644671579538A00E41F35 /* #PROJNAME-Info.plist in Resources */ = {isa = PBXBuildFile; fileRef = FF7644601579538A00E41F35 /* #PROJNAME-Info.plist */; };
		FF7644681579538A00E41F35 /* #PROJNAME.exp in Sources */ = {isa = PBXBuildFile; fileRef = FF7644621579538A00E41F35 /* #PROJNAME.exp */; };
		FF7644691579538A00E41F35 /* #PROJNAME.r in Rez */ = {isa = PBXBuildFile; fileRef = FF7644631579538A00E41F35 /* #PROJNAME.r */; };
		FF76446B1579538A00E41F35 /* InfoPlist.strings in Resources */ = {isa = PBXBuildFile; fileRef = FF7644651579538A00E41F35 /* InfoPlist.strings */; };
		FF8FFB1F16D2FB30001FC912 /* AudioToolbox.framework in Frameworks */ = {isa = PBXBuildFile; fileRef = FFDB855215141990004BA672 /* AudioToolbox.framework */; };
		FF8FFB2016D2FB30001FC912 /* AudioUnit.framework in Frameworks */ = {isa = PBXBuildFile; fileRef = FFDB8556151419A3004BA672 /* AudioUnit.framework */; };
		FF93E17416D496AE008E51E6 /* MIDIReceiver.cpp in Sources */ = {isa = PBXBuildFile; fileRef = FF93E17216D496AE008E51E6 /* MIDIReceiver.cpp */; };
		FF93E17516D496AE008E51E6 /* MIDIReceiver.cpp in Sources */ = {isa = PBXBuildFile; fileRef = FF93E17216D496AE008E51E6 /* MIDIReceiver.cpp */; };
		FF93E17716D49D4A008E51E6 /* CoreMIDI.framework in Frameworks */ = {isa = PBXBuildFile; fileRef = FF93E17616D49D4A008E51E6 /* CoreMIDI.framework */; };
		FF93E17916D4A4C7008E51E6 /* CoreMIDI.framework in Frameworks */ = {isa = PBXBuildFile; fileRef = FF93E17816D4A4C7008E51E6 /* CoreMIDI.framework */; };
		FF9BA09015E95A5000E2E2BB /* WebKit.framework in Frameworks */ = {isa = PBXBuildFile; fileRef = FF41350315E1A46C001ACF64 /* WebKit.framework */; };
		FF9E2D9A15CCB095009026AE /* audio.cpp in Sources */ = {isa = PBXBuildFile; fileRef = FFDB859715141D23004BA672 /* audio.cpp */; };
		FF9E2D9B15CCB13E009026AE /* ui in Resources */ = {isa = PBXBuildFile; fileRef = FF6A97F8152F8BF700C8ED05 /* ui */; };
		FFAB983315E68603008D97F1 /* AUWrapper.mm in Sources */ = {isa = PBXBuildFile; fileRef = FFAB983215E68603008D97F1 /* AUWrapper.mm */; };
		FFAB983415E68603008D97F1 /* AUWrapper.mm in Sources */ = {isa = PBXBuildFile; fileRef = FFAB983215E68603008D97F1 /* AUWrapper.mm */; };
		FFAB983715E91849008D97F1 /* JavaScriptCore.framework in Frameworks */ = {isa = PBXBuildFile; fileRef = FFAB983515E9183E008D97F1 /* JavaScriptCore.framework */; };
		FFAB983815E91850008D97F1 /* JavaScriptCore.framework in Frameworks */ = {isa = PBXBuildFile; fileRef = FFAB983515E9183E008D97F1 /* JavaScriptCore.framework */; };
		FFAB983D15E92EDF008D97F1 /* AUPropParamBase.mm in Sources */ = {isa = PBXBuildFile; fileRef = FFAB983C15E92EDF008D97F1 /* AUPropParamBase.mm */; };
		FFAB983E15E92EDF008D97F1 /* AUPropParamBase.mm in Sources */ = {isa = PBXBuildFile; fileRef = FFAB983C15E92EDF008D97F1 /* AUPropParamBase.mm */; };
		FFAB984115E93080008D97F1 /* AUProp.mm in Sources */ = {isa = PBXBuildFile; fileRef = FFAB984015E9307F008D97F1 /* AUProp.mm */; };
		FFAB984215E93080008D97F1 /* AUProp.mm in Sources */ = {isa = PBXBuildFile; fileRef = FFAB984015E9307F008D97F1 /* AUProp.mm */; };
		FFC1A2B91515302800D447CC /* Cocoa.framework in Frameworks */ = {isa = PBXBuildFile; fileRef = FFDB853E15141284004BA672 /* Cocoa.framework */; };
		FFC1A2BF1515302800D447CC /* InfoPlist.strings in Resources */ = {isa = PBXBuildFile; fileRef = FFC1A2BD1515302800D447CC /* InfoPlist.strings */; };
		FFC1A2C41515306300D447CC /* Foundation.framework in Frameworks */ = {isa = PBXBuildFile; fileRef = FFDB854315141284004BA672 /* Foundation.framework */; };
		FFC1A2C51515307200D447CC /* AppKit.framework in Frameworks */ = {isa = PBXBuildFile; fileRef = FFDB854115141284004BA672 /* AppKit.framework */; };
		FFC1A2C91515345900D447CC /* webview.xib in Resources */ = {isa = PBXBuildFile; fileRef = FFC1A2C81515345900D447CC /* webview.xib */; };
		FFC1A2D0151535C100D447CC /* #PROJNAME_ViewFactory.mm in Sources */ = {isa = PBXBuildFile; fileRef = FFC1A2CF151535C100D447CC /* #PROJNAME_ViewFactory.mm */; };
		FFC1A2D31515404A00D447CC /* #PROJNAME_WebView.mm in Sources */ = {isa = PBXBuildFile; fileRef = FFC1A2D21515404A00D447CC /* #PROJNAME_WebView.mm */; };
		FFCF843315EA8C0000333567 /* UIKit.framework in Frameworks */ = {isa = PBXBuildFile; fileRef = FFCF843215EA8C0000333567 /* UIKit.framework */; };
		FFCF843515EA8C0000333567 /* Foundation.framework in Frameworks */ = {isa = PBXBuildFile; fileRef = FFCF843415EA8C0000333567 /* Foundation.framework */; };
		FFCF843715EA8C0000333567 /* CoreGraphics.framework in Frameworks */ = {isa = PBXBuildFile; fileRef = FFCF843615EA8C0000333567 /* CoreGraphics.framework */; };
		FFCF843D15EA8C0000333567 /* InfoPlist.strings in Resources */ = {isa = PBXBuildFile; fileRef = FFCF843B15EA8C0000333567 /* InfoPlist.strings */; };
		FFCF843F15EA8C0000333567 /* main.mm in Sources */ = {isa = PBXBuildFile; fileRef = FFCF843E15EA8C0000333567 /* main.mm */; };
		FFCF844315EA8C0100333567 /* #PROJNAMEAppDelegate.mm in Sources */ = {isa = PBXBuildFile; fileRef = FFCF844215EA8C0100333567 /* #PROJNAMEAppDelegate.mm */; };
		FFCF844615EA8C0100333567 /* #PROJNAMEViewController.mm in Sources */ = {isa = PBXBuildFile; fileRef = FFCF844515EA8C0100333567 /* #PROJNAMEViewController.mm */; };
		FFCF844915EA8C0100333567 /* #PROJNAMEViewController_iPhone.xib in Resources */ = {isa = PBXBuildFile; fileRef = FFCF844715EA8C0100333567 /* #PROJNAMEViewController_iPhone.xib */; };
		FFCF844C15EA8C0100333567 /* #PROJNAMEViewController_iPad.xib in Resources */ = {isa = PBXBuildFile; fileRef = FFCF844A15EA8C0100333567 /* #PROJNAMEViewController_iPad.xib */; };
		FFCF845115EA8D1E00333567 /* audio.cpp in Sources */ = {isa = PBXBuildFile; fileRef = FFDB859715141D23004BA672 /* audio.cpp */; };
		FFDB855315141990004BA672 /* AudioToolbox.framework in Frameworks */ = {isa = PBXBuildFile; fileRef = FFDB855215141990004BA672 /* AudioToolbox.framework */; };
		FFDB85551514199A004BA672 /* CoreServices.framework in Frameworks */ = {isa = PBXBuildFile; fileRef = FFDB85541514199A004BA672 /* CoreServices.framework */; };
		FFDB8557151419A3004BA672 /* AudioUnit.framework in Frameworks */ = {isa = PBXBuildFile; fileRef = FFDB8556151419A3004BA672 /* AudioUnit.framework */; };
		FFDB856B15141B6E004BA672 /* AUBase.cpp in Sources */ = {isa = PBXBuildFile; fileRef = FFDB855E15141B6E004BA672 /* AUBase.cpp */; };
		FFDB856C15141B6E004BA672 /* AUDispatch.cpp in Sources */ = {isa = PBXBuildFile; fileRef = FFDB856015141B6E004BA672 /* AUDispatch.cpp */; };
		FFDB856D15141B6E004BA672 /* AUInputElement.cpp in Sources */ = {isa = PBXBuildFile; fileRef = FFDB856215141B6E004BA672 /* AUInputElement.cpp */; };
		FFDB856E15141B6E004BA672 /* AUOutputElement.cpp in Sources */ = {isa = PBXBuildFile; fileRef = FFDB856415141B6E004BA672 /* AUOutputElement.cpp */; };
		FFDB857015141B6E004BA672 /* AUScopeElement.cpp in Sources */ = {isa = PBXBuildFile; fileRef = FFDB856715141B6E004BA672 /* AUScopeElement.cpp */; };
		FFDB857115141B6E004BA672 /* ComponentBase.cpp in Sources */ = {isa = PBXBuildFile; fileRef = FFDB856915141B6E004BA672 /* ComponentBase.cpp */; };
		FFDB857415141B83004BA672 /* AUEffectBase.cpp in Sources */ = {isa = PBXBuildFile; fileRef = FFDB857215141B83004BA672 /* AUEffectBase.cpp */; };
		FFDB858015141B92004BA672 /* AUBaseHelper.cpp in Sources */ = {isa = PBXBuildFile; fileRef = FFDB857615141B92004BA672 /* AUBaseHelper.cpp */; };
		FFDB858115141B92004BA672 /* AUBuffer.cpp in Sources */ = {isa = PBXBuildFile; fileRef = FFDB857815141B92004BA672 /* AUBuffer.cpp */; };
		FFDB858315141B92004BA672 /* AUTimestampGenerator.cpp in Sources */ = {isa = PBXBuildFile; fileRef = FFDB857E15141B92004BA672 /* AUTimestampGenerator.cpp */; };
		FFDB859215141D05004BA672 /* CAAudioChannelLayout.cpp in Sources */ = {isa = PBXBuildFile; fileRef = FFDB858415141D04004BA672 /* CAAudioChannelLayout.cpp */; };
		FFDB859315141D05004BA672 /* CADebugMacros.cpp in Sources */ = {isa = PBXBuildFile; fileRef = FFDB858715141D04004BA672 /* CADebugMacros.cpp */; };
		FFDB859415141D05004BA672 /* CAHostTimeBase.cpp in Sources */ = {isa = PBXBuildFile; fileRef = FFDB858A15141D04004BA672 /* CAHostTimeBase.cpp */; };
		FFDB859615141D05004BA672 /* CAVectorUnit.cpp in Sources */ = {isa = PBXBuildFile; fileRef = FFDB859015141D05004BA672 /* CAVectorUnit.cpp */; };
		FFDB859B15141D9D004BA672 /* CAStreamBasicDescription.cpp in Sources */ = {isa = PBXBuildFile; fileRef = FFDB859915141D9D004BA672 /* CAStreamBasicDescription.cpp */; };
		FFDB859D15141DDE004BA672 /* CAXException.cpp in Sources */ = {isa = PBXBuildFile; fileRef = FFDB859C15141DDE004BA672 /* CAXException.cpp */; };
		FFF2F56F15D5C28200CEA715 /* CARingBuffer.cpp in Sources */ = {isa = PBXBuildFile; fileRef = FFF2F56D15D5C28100CEA715 /* CARingBuffer.cpp */; };
		FFF2F57015D5C2D500CEA715 /* CAPlayThrough.cpp in Sources */ = {isa = PBXBuildFile; fileRef = FFF2F56915D5BE2B00CEA715 /* CAPlayThrough.cpp */; };
		FFF2F57315D5C34100CEA715 /* AudioDevice.cpp in Sources */ = {isa = PBXBuildFile; fileRef = FFF2F57115D5C34000CEA715 /* AudioDevice.cpp */; };
/* End PBXBuildFile section */

/* Begin PBXContainerItemProxy section */
		FFC1A2C61515309900D447CC /* PBXContainerItemProxy */ = {
			isa = PBXContainerItemProxy;
			containerPortal = FFDB853215141283004BA672 /* Project object */;
			proxyType = 1;
			remoteGlobalIDString = FFC1A2B71515302800D447CC;
			remoteInfo = CocoaUI;
		};
/* End PBXContainerItemProxy section */

/* Begin PBXCopyFilesBuildPhase section */
		FF08F6EF15D45C4600A8A646 /* CopyFiles */ = {
			isa = PBXCopyFilesBuildPhase;
			buildActionMask = 2147483647;
			dstPath = "";
			dstSubfolderSpec = 7;
			files = (
				FF08F6F015D45C5500A8A646 /* ui in CopyFiles */,
			);
			runOnlyForDeploymentPostprocessing = 0;
		};
		FF17DFDE1516D05300A85EB4 /* CopyFiles */ = {
			isa = PBXCopyFilesBuildPhase;
			buildActionMask = 2147483647;
			dstPath = "";
			dstSubfolderSpec = 7;
			files = (
				FF17DFDF1516D05E00A85EB4 /* CocoaUI.bundle in CopyFiles */,
			);
			runOnlyForDeploymentPostprocessing = 0;
		};
		FF17E0071516EBFD00A85EB4 /* CopyFiles */ = {
			isa = PBXCopyFilesBuildPhase;
			buildActionMask = 2147483647;
			dstPath = "";
			dstSubfolderSpec = 6;
			files = (
			);
			runOnlyForDeploymentPostprocessing = 0;
		};
		FF5C463F15F51037002FF019 /* CopyFiles */ = {
			isa = PBXCopyFilesBuildPhase;
			buildActionMask = 2147483647;
			dstPath = "";
			dstSubfolderSpec = 7;
			files = (
				FF5C464015F5104C002FF019 /* ui in CopyFiles */,
			);
			runOnlyForDeploymentPostprocessing = 0;
		};
		FFECCC70151BDE37003D3564 /* CopyFiles */ = {
			isa = PBXCopyFilesBuildPhase;
			buildActionMask = 2147483647;
			dstPath = CocoaUI.bundle/Contents;
			dstSubfolderSpec = 16;
			files = (
			);
			runOnlyForDeploymentPostprocessing = 0;
		};
/* End PBXCopyFilesBuildPhase section */

/* Begin PBXFileReference section */
		FF08F68115D4348600A8A646 /* #NAME.app */ = {isa = PBXFileReference; explicitFileType = wrapper.application; includeInIndex = 0; path = "#NAME.app"; sourceTree = BUILT_PRODUCTS_DIR; };
		FF08F68415D4348600A8A646 /* Cocoa.framework */ = {isa = PBXFileReference; lastKnownFileType = wrapper.framework; name = Cocoa.framework; path = System/Library/Frameworks/Cocoa.framework; sourceTree = SDKROOT; };
		FF08F68715D4348600A8A646 /* AppKit.framework */ = {isa = PBXFileReference; lastKnownFileType = wrapper.framework; name = AppKit.framework; path = System/Library/Frameworks/AppKit.framework; sourceTree = SDKROOT; };
		FF08F68815D4348600A8A646 /* CoreData.framework */ = {isa = PBXFileReference; lastKnownFileType = wrapper.framework; name = CoreData.framework; path = System/Library/Frameworks/CoreData.framework; sourceTree = SDKROOT; };
		FF08F68915D4348600A8A646 /* Foundation.framework */ = {isa = PBXFileReference; lastKnownFileType = wrapper.framework; name = Foundation.framework; path = System/Library/Frameworks/Foundation.framework; sourceTree = SDKROOT; };
		FF08F68C15D4348600A8A646 /* #PROJNAMEstandalone-Info.plist */ = {isa = PBXFileReference; lastKnownFileType = text.plist.xml; path = "#PROJNAMEstandalone-Info.plist"; sourceTree = "<group>"; };
		FF08F68E15D4348600A8A646 /* en */ = {isa = PBXFileReference; lastKnownFileType = text.plist.strings; name = en; path = en.lproj/InfoPlist.strings; sourceTree = "<group>"; };
		FF08F69015D4348600A8A646 /* main.mm */ = {isa = PBXFileReference; lastKnownFileType = sourcecode.cpp.objcpp; path = main.mm; sourceTree = "<group>"; };
		FF08F69215D4348600A8A646 /* #PROJNAMEstandalone-Prefix.pch */ = {isa = PBXFileReference; lastKnownFileType = sourcecode.c.h; path = "#PROJNAMEstandalone-Prefix.pch"; sourceTree = "<group>"; };
		FF08F69615D4348600A8A646 /* #PROJNAMEAppDelegate.h */ = {isa = PBXFileReference; lastKnownFileType = sourcecode.c.h; path = #PROJNAMEAppDelegate.h; sourceTree = "<group>"; };
		FF08F69715D4348600A8A646 /* #PROJNAMEAppDelegate.mm */ = {isa = PBXFileReference; lastKnownFileType = sourcecode.cpp.objcpp; path = #PROJNAMEAppDelegate.mm; sourceTree = "<group>"; };
		FF08F69A15D4348700A8A646 /* en */ = {isa = PBXFileReference; lastKnownFileType = file.xib; name = en; path = en.lproj/MainMenu.xib; sourceTree = "<group>"; };
		FF08F6F115D474B500A8A646 /* CoreAudio.framework */ = {isa = PBXFileReference; lastKnownFileType = wrapper.framework; name = CoreAudio.framework; path = System/Library/Frameworks/CoreAudio.framework; sourceTree = SDKROOT; };
		FF1C162815F120D7003D9B0B /* AUPlugInDispatch.cpp */ = {isa = PBXFileReference; fileEncoding = 4; lastKnownFileType = sourcecode.cpp.cpp; path = AUPlugInDispatch.cpp; sourceTree = "<group>"; };
		FF1C162915F120D7003D9B0B /* AUPlugInDispatch.h */ = {isa = PBXFileReference; fileEncoding = 4; lastKnownFileType = sourcecode.c.h; path = AUPlugInDispatch.h; sourceTree = "<group>"; };
		FF234F2615CC6EB8003C97AA /* jsaubase.cpp */ = {isa = PBXFileReference; fileEncoding = 4; lastKnownFileType = sourcecode.cpp.cpp; path = jsaubase.cpp; sourceTree = "<group>"; };
		FF234F2915CC6EC9003C97AA /* jsaubase.h */ = {isa = PBXFileReference; fileEncoding = 4; lastKnownFileType = sourcecode.c.h; path = jsaubase.h; sourceTree = "<group>"; };
		FF367A3016C8C59000DBBBE5 /* AUMIDIBase.cpp */ = {isa = PBXFileReference; fileEncoding = 4; lastKnownFileType = sourcecode.cpp.cpp; name = AUMIDIBase.cpp; path = "JSAU Source/CoreAudio/AudioUnits/AUPublic/OtherBases/AUMIDIBase.cpp"; sourceTree = SOURCE_ROOT; };
		FF367A3116C8C59000DBBBE5 /* AUMIDIBase.h */ = {isa = PBXFileReference; fileEncoding = 4; lastKnownFileType = sourcecode.c.h; name = AUMIDIBase.h; path = "JSAU Source/CoreAudio/AudioUnits/AUPublic/OtherBases/AUMIDIBase.h"; sourceTree = SOURCE_ROOT; };
		FF367A3216C8C59000DBBBE5 /* AUMIDIEffectBase.cpp */ = {isa = PBXFileReference; fileEncoding = 4; lastKnownFileType = sourcecode.cpp.cpp; name = AUMIDIEffectBase.cpp; path = "JSAU Source/CoreAudio/AudioUnits/AUPublic/OtherBases/AUMIDIEffectBase.cpp"; sourceTree = SOURCE_ROOT; };
		FF367A3316C8C59000DBBBE5 /* AUMIDIEffectBase.h */ = {isa = PBXFileReference; fileEncoding = 4; lastKnownFileType = sourcecode.c.h; name = AUMIDIEffectBase.h; path = "JSAU Source/CoreAudio/AudioUnits/AUPublic/OtherBases/AUMIDIEffectBase.h"; sourceTree = SOURCE_ROOT; };
		FF38EDAD16D1AE1D00FE87B8 /* MusicDeviceBase.cpp */ = {isa = PBXFileReference; fileEncoding = 4; lastKnownFileType = sourcecode.cpp.cpp; name = MusicDeviceBase.cpp; path = "JSAU Source/CoreAudio/AudioUnits/AUPublic/OtherBases/MusicDeviceBase.cpp"; sourceTree = SOURCE_ROOT; };
		FF38EDAE16D1AE1D00FE87B8 /* MusicDeviceBase.h */ = {isa = PBXFileReference; fileEncoding = 4; lastKnownFileType = sourcecode.c.h; name = MusicDeviceBase.h; path = "JSAU Source/CoreAudio/AudioUnits/AUPublic/OtherBases/MusicDeviceBase.h"; sourceTree = SOURCE_ROOT; };
		FF41350315E1A46C001ACF64 /* WebKit.framework */ = {isa = PBXFileReference; lastKnownFileType = wrapper.framework; name = WebKit.framework; path = System/Library/Frameworks/WebKit.framework; sourceTree = SDKROOT; };
		FF45E62E15F12D5500280886 /* CoreFoundation.framework */ = {isa = PBXFileReference; lastKnownFileType = wrapper.framework; name = CoreFoundation.framework; path = Platforms/iPhoneOS.platform/Developer/SDKs/iPhoneOS5.1.sdk/System/Library/Frameworks/CoreFoundation.framework; sourceTree = DEVELOPER_DIR; };
		FF45E63015F12E9100280886 /* AudioToolbox.framework */ = {isa = PBXFileReference; lastKnownFileType = wrapper.framework; name = AudioToolbox.framework; path = Platforms/iPhoneOS.platform/Developer/SDKs/iPhoneOS5.1.sdk/System/Library/Frameworks/AudioToolbox.framework; sourceTree = DEVELOPER_DIR; };
		FF45E63115F12E9200280886 /* AudioUnit.framework */ = {isa = PBXFileReference; lastKnownFileType = wrapper.framework; name = AudioUnit.framework; path = Platforms/iPhoneOS.platform/Developer/SDKs/iPhoneOS5.1.sdk/System/Library/Frameworks/AudioUnit.framework; sourceTree = DEVELOPER_DIR; };
		FF45E63215F12E9200280886 /* CoreAudio.framework */ = {isa = PBXFileReference; lastKnownFileType = wrapper.framework; name = CoreAudio.framework; path = Platforms/iPhoneOS.platform/Developer/SDKs/iPhoneOS5.1.sdk/System/Library/Frameworks/CoreAudio.framework; sourceTree = DEVELOPER_DIR; };
		FF567EE215DE9BC5005090B3 /* #PROJNAME.icns */ = {isa = PBXFileReference; lastKnownFileType = image.icns; path = #PROJNAME.icns; sourceTree = SOURCE_ROOT; };
		FF5C463C15F50864002FF019 /* iosAUEvents.h */ = {isa = PBXFileReference; lastKnownFileType = sourcecode.c.h; name = iosAUEvents.h; path = "JSAU Source/CocoaUI/iosAUEvents.h"; sourceTree = SOURCE_ROOT; };
		FF5C463D15F50AEB002FF019 /* iosAUEvents.cpp */ = {isa = PBXFileReference; fileEncoding = 4; lastKnownFileType = sourcecode.cpp.cpp; name = iosAUEvents.cpp; path = "JSAU Source/CocoaUI/iosAUEvents.cpp"; sourceTree = SOURCE_ROOT; };
		FF5C464115F55ECD002FF019 /* obsfu.mm */ = {isa = PBXFileReference; fileEncoding = 4; lastKnownFileType = sourcecode.cpp.objcpp; name = obsfu.mm; path = "JSAU Source/CocoaUI/obsfu.mm"; sourceTree = SOURCE_ROOT; };
		FF5C464215F55ECD002FF019 /* obsfu.h */ = {isa = PBXFileReference; fileEncoding = 4; lastKnownFileType = sourcecode.c.h; name = obsfu.h; path = "JSAU Source/CocoaUI/obsfu.h"; sourceTree = SOURCE_ROOT; };
		FF6A97F8152F8BF700C8ED05 /* ui */ = {isa = PBXFileReference; lastKnownFileType = folder; path = ui; sourceTree = "<group>"; };
		FF72865615E9406C0075FC5A /* AUParam.h */ = {isa = PBXFileReference; fileEncoding = 4; lastKnownFileType = sourcecode.c.h; name = AUParam.h; path = "JSAU Source/CocoaUI/AUParam.h"; sourceTree = SOURCE_ROOT; };
		FF72865715E9406C0075FC5A /* AUParam.mm */ = {isa = PBXFileReference; fileEncoding = 4; lastKnownFileType = sourcecode.cpp.objcpp; name = AUParam.mm; path = "JSAU Source/CocoaUI/AUParam.mm"; sourceTree = SOURCE_ROOT; };
		FF7644601579538A00E41F35 /* #PROJNAME-Info.plist */ = {isa = PBXFileReference; fileEncoding = 4; lastKnownFileType = text.plist.xml; path = "#PROJNAME-Info.plist"; sourceTree = "<group>"; };
		FF7644611579538A00E41F35 /* #PROJNAME-Prefix.pch */ = {isa = PBXFileReference; fileEncoding = 4; lastKnownFileType = sourcecode.c.h; path = "#PROJNAME-Prefix.pch"; sourceTree = "<group>"; };
		FF7644621579538A00E41F35 /* #PROJNAME.exp */ = {isa = PBXFileReference; fileEncoding = 4; lastKnownFileType = sourcecode.exports; path = #PROJNAME.exp; sourceTree = "<group>"; };
		FF7644631579538A00E41F35 /* #PROJNAME.r */ = {isa = PBXFileReference; fileEncoding = 4; lastKnownFileType = sourcecode.rez; path = #PROJNAME.r; sourceTree = "<group>"; };
		FF7644661579538A00E41F35 /* en */ = {isa = PBXFileReference; lastKnownFileType = text.plist.strings; name = en; path = en.lproj/InfoPlist.strings; sourceTree = "<group>"; };
		FF857DE815CA1E03005D0614 /* audioprops.h */ = {isa = PBXFileReference; lastKnownFileType = sourcecode.c.h; path = audioprops.h; sourceTree = "<group>"; };
		FF93E17216D496AE008E51E6 /* MIDIReceiver.cpp */ = {isa = PBXFileReference; fileEncoding = 4; lastKnownFileType = sourcecode.cpp.cpp; name = MIDIReceiver.cpp; path = "JSAU Source/CocoaUI/MIDIReceiver.cpp"; sourceTree = SOURCE_ROOT; };
		FF93E17316D496AE008E51E6 /* MIDIReceiver.h */ = {isa = PBXFileReference; fileEncoding = 4; lastKnownFileType = sourcecode.c.h; name = MIDIReceiver.h; path = "JSAU Source/CocoaUI/MIDIReceiver.h"; sourceTree = SOURCE_ROOT; };
		FF93E17616D49D4A008E51E6 /* CoreMIDI.framework */ = {isa = PBXFileReference; lastKnownFileType = wrapper.framework; name = CoreMIDI.framework; path = System/Library/Frameworks/CoreMIDI.framework; sourceTree = SDKROOT; };
		FF93E17816D4A4C7008E51E6 /* CoreMIDI.framework */ = {isa = PBXFileReference; lastKnownFileType = wrapper.framework; name = CoreMIDI.framework; path = Platforms/iPhoneOS.platform/Developer/SDKs/iPhoneOS6.1.sdk/System/Library/Frameworks/CoreMIDI.framework; sourceTree = DEVELOPER_DIR; };
		FFAB983015E68558008D97F1 /* AUWrapper.h */ = {isa = PBXFileReference; fileEncoding = 4; lastKnownFileType = sourcecode.c.h; name = AUWrapper.h; path = "JSAU Source/CocoaUI/AUWrapper.h"; sourceTree = SOURCE_ROOT; };
		FFAB983215E68603008D97F1 /* AUWrapper.mm */ = {isa = PBXFileReference; fileEncoding = 4; lastKnownFileType = sourcecode.cpp.objcpp; name = AUWrapper.mm; path = "JSAU Source/CocoaUI/AUWrapper.mm"; sourceTree = SOURCE_ROOT; };
		FFAB983515E9183E008D97F1 /* JavaScriptCore.framework */ = {isa = PBXFileReference; lastKnownFileType = wrapper.framework; name = JavaScriptCore.framework; path = System/Library/Frameworks/JavaScriptCore.framework; sourceTree = SDKROOT; };
		FFAB983A15E92DF1008D97F1 /* LowLevelCocoaUtils.h */ = {isa = PBXFileReference; fileEncoding = 4; lastKnownFileType = sourcecode.c.h; name = LowLevelCocoaUtils.h; path = "JSAU Source/CocoaUI/LowLevelCocoaUtils.h"; sourceTree = SOURCE_ROOT; };
		FFAB983B15E92EDF008D97F1 /* AUPropParamBase.h */ = {isa = PBXFileReference; fileEncoding = 4; lastKnownFileType = sourcecode.c.h; name = AUPropParamBase.h; path = "JSAU Source/CocoaUI/AUPropParamBase.h"; sourceTree = SOURCE_ROOT; };
		FFAB983C15E92EDF008D97F1 /* AUPropParamBase.mm */ = {isa = PBXFileReference; fileEncoding = 4; lastKnownFileType = sourcecode.cpp.objcpp; name = AUPropParamBase.mm; path = "JSAU Source/CocoaUI/AUPropParamBase.mm"; sourceTree = SOURCE_ROOT; };
		FFAB983F15E9307F008D97F1 /* AUProp.h */ = {isa = PBXFileReference; fileEncoding = 4; lastKnownFileType = sourcecode.c.h; name = AUProp.h; path = "JSAU Source/CocoaUI/AUProp.h"; sourceTree = SOURCE_ROOT; };
		FFAB984015E9307F008D97F1 /* AUProp.mm */ = {isa = PBXFileReference; fileEncoding = 4; lastKnownFileType = sourcecode.cpp.objcpp; name = AUProp.mm; path = "JSAU Source/CocoaUI/AUProp.mm"; sourceTree = SOURCE_ROOT; };
		FFC1A2B81515302800D447CC /* CocoaUI.bundle */ = {isa = PBXFileReference; explicitFileType = wrapper.cfbundle; includeInIndex = 0; path = CocoaUI.bundle; sourceTree = BUILT_PRODUCTS_DIR; };
		FFC1A2BC1515302800D447CC /* CocoaUI-Info.plist */ = {isa = PBXFileReference; lastKnownFileType = text.plist.xml; path = "CocoaUI-Info.plist"; sourceTree = "<group>"; };
		FFC1A2BE1515302800D447CC /* en */ = {isa = PBXFileReference; lastKnownFileType = text.plist.strings; name = en; path = en.lproj/InfoPlist.strings; sourceTree = "<group>"; };
		FFC1A2C01515302800D447CC /* CocoaUI-Prefix.pch */ = {isa = PBXFileReference; lastKnownFileType = sourcecode.c.h; path = "CocoaUI-Prefix.pch"; sourceTree = "<group>"; };
		FFC1A2C81515345900D447CC /* webview.xib */ = {isa = PBXFileReference; fileEncoding = 4; lastKnownFileType = file.xib; path = webview.xib; sourceTree = "<group>"; };
		FFC1A2CE151535C100D447CC /* #PROJNAME_ViewFactory.h */ = {isa = PBXFileReference; fileEncoding = 4; lastKnownFileType = sourcecode.c.h; path = #PROJNAME_ViewFactory.h; sourceTree = "<group>"; };
		FFC1A2CF151535C100D447CC /* #PROJNAME_ViewFactory.mm */ = {isa = PBXFileReference; fileEncoding = 4; lastKnownFileType = sourcecode.cpp.objcpp; path = #PROJNAME_ViewFactory.mm; sourceTree = "<group>"; };
		FFC1A2D11515404A00D447CC /* #PROJNAME_WebView.h */ = {isa = PBXFileReference; fileEncoding = 4; lastKnownFileType = sourcecode.c.h; path = #PROJNAME_WebView.h; sourceTree = "<group>"; };
		FFC1A2D21515404A00D447CC /* #PROJNAME_WebView.mm */ = {isa = PBXFileReference; fileEncoding = 4; lastKnownFileType = sourcecode.cpp.objcpp; path = #PROJNAME_WebView.mm; sourceTree = "<group>"; };
		FFCF843015EA8C0000333567 /* #NAME.app */ = {isa = PBXFileReference; explicitFileType = wrapper.application; includeInIndex = 0; path = "#NAME.app"; sourceTree = BUILT_PRODUCTS_DIR; };
		FFCF843215EA8C0000333567 /* UIKit.framework */ = {isa = PBXFileReference; lastKnownFileType = wrapper.framework; name = UIKit.framework; path = Library/Frameworks/UIKit.framework; sourceTree = DEVELOPER_DIR; };
		FFCF843415EA8C0000333567 /* Foundation.framework */ = {isa = PBXFileReference; lastKnownFileType = wrapper.framework; name = Foundation.framework; path = Library/Frameworks/Foundation.framework; sourceTree = DEVELOPER_DIR; };
		FFCF843615EA8C0000333567 /* CoreGraphics.framework */ = {isa = PBXFileReference; lastKnownFileType = wrapper.framework; name = CoreGraphics.framework; path = Library/Frameworks/CoreGraphics.framework; sourceTree = DEVELOPER_DIR; };
		FFCF843A15EA8C0000333567 /* #PROJNAMEios-Info.plist */ = {isa = PBXFileReference; lastKnownFileType = text.plist.xml; path = "#PROJNAMEios-Info.plist"; sourceTree = "<group>"; };
		FFCF843C15EA8C0000333567 /* en */ = {isa = PBXFileReference; lastKnownFileType = text.plist.strings; name = en; path = en.lproj/InfoPlist.strings; sourceTree = "<group>"; };
		FFCF843E15EA8C0000333567 /* main.mm */ = {isa = PBXFileReference; lastKnownFileType = sourcecode.cpp.objcpp; path = main.mm; sourceTree = "<group>"; };
		FFCF844015EA8C0100333567 /* #PROJNAMEios-Prefix.pch */ = {isa = PBXFileReference; lastKnownFileType = sourcecode.c.h; path = "#PROJNAMEios-Prefix.pch"; sourceTree = "<group>"; };
		FFCF844115EA8C0100333567 /* #PROJNAMEAppDelegate.h */ = {isa = PBXFileReference; lastKnownFileType = sourcecode.c.h; path = #PROJNAMEAppDelegate.h; sourceTree = "<group>"; };
		FFCF844215EA8C0100333567 /* #PROJNAMEAppDelegate.mm */ = {isa = PBXFileReference; lastKnownFileType = sourcecode.cpp.objcpp; path = #PROJNAMEAppDelegate.mm; sourceTree = "<group>"; };
		FFCF844415EA8C0100333567 /* #PROJNAMEViewController.h */ = {isa = PBXFileReference; lastKnownFileType = sourcecode.c.h; path = #PROJNAMEViewController.h; sourceTree = "<group>"; };
		FFCF844515EA8C0100333567 /* #PROJNAMEViewController.mm */ = {isa = PBXFileReference; lastKnownFileType = sourcecode.cpp.objcpp; path = #PROJNAMEViewController.mm; sourceTree = "<group>"; };
		FFCF844815EA8C0100333567 /* en */ = {isa = PBXFileReference; lastKnownFileType = file.xib; name = en; path = en.lproj/#PROJNAMEViewController_iPhone.xib; sourceTree = "<group>"; };
		FFCF844B15EA8C0100333567 /* en */ = {isa = PBXFileReference; lastKnownFileType = file.xib; name = en; path = en.lproj/#PROJNAMEViewController_iPad.xib; sourceTree = "<group>"; };
		FFDB853B15141284004BA672 /* #PROJNAME.component */ = {isa = PBXFileReference; explicitFileType = wrapper.cfbundle; includeInIndex = 0; path = #PROJNAME.component; sourceTree = BUILT_PRODUCTS_DIR; };
		FFDB853E15141284004BA672 /* Cocoa.framework */ = {isa = PBXFileReference; lastKnownFileType = wrapper.framework; name = Cocoa.framework; path = System/Library/Frameworks/Cocoa.framework; sourceTree = SDKROOT; };
		FFDB854115141284004BA672 /* AppKit.framework */ = {isa = PBXFileReference; lastKnownFileType = wrapper.framework; name = AppKit.framework; path = System/Library/Frameworks/AppKit.framework; sourceTree = SDKROOT; };
		FFDB854215141284004BA672 /* CoreData.framework */ = {isa = PBXFileReference; lastKnownFileType = wrapper.framework; name = CoreData.framework; path = System/Library/Frameworks/CoreData.framework; sourceTree = SDKROOT; };
		FFDB854315141284004BA672 /* Foundation.framework */ = {isa = PBXFileReference; lastKnownFileType = wrapper.framework; name = Foundation.framework; path = System/Library/Frameworks/Foundation.framework; sourceTree = SDKROOT; };
		FFDB855215141990004BA672 /* AudioToolbox.framework */ = {isa = PBXFileReference; lastKnownFileType = wrapper.framework; name = AudioToolbox.framework; path = System/Library/Frameworks/AudioToolbox.framework; sourceTree = SDKROOT; };
		FFDB85541514199A004BA672 /* CoreServices.framework */ = {isa = PBXFileReference; lastKnownFileType = wrapper.framework; name = CoreServices.framework; path = System/Library/Frameworks/CoreServices.framework; sourceTree = SDKROOT; };
		FFDB8556151419A3004BA672 /* AudioUnit.framework */ = {isa = PBXFileReference; lastKnownFileType = wrapper.framework; name = AudioUnit.framework; path = System/Library/Frameworks/AudioUnit.framework; sourceTree = SDKROOT; };
		FFDB855E15141B6E004BA672 /* AUBase.cpp */ = {isa = PBXFileReference; fileEncoding = 4; lastKnownFileType = sourcecode.cpp.cpp; path = AUBase.cpp; sourceTree = "<group>"; };
		FFDB855F15141B6E004BA672 /* AUBase.h */ = {isa = PBXFileReference; fileEncoding = 4; lastKnownFileType = sourcecode.c.h; path = AUBase.h; sourceTree = "<group>"; };
		FFDB856015141B6E004BA672 /* AUDispatch.cpp */ = {isa = PBXFileReference; fileEncoding = 4; lastKnownFileType = sourcecode.cpp.cpp; path = AUDispatch.cpp; sourceTree = "<group>"; };
		FFDB856115141B6E004BA672 /* AUDispatch.h */ = {isa = PBXFileReference; fileEncoding = 4; lastKnownFileType = sourcecode.c.h; path = AUDispatch.h; sourceTree = "<group>"; };
		FFDB856215141B6E004BA672 /* AUInputElement.cpp */ = {isa = PBXFileReference; fileEncoding = 4; lastKnownFileType = sourcecode.cpp.cpp; path = AUInputElement.cpp; sourceTree = "<group>"; };
		FFDB856315141B6E004BA672 /* AUInputElement.h */ = {isa = PBXFileReference; fileEncoding = 4; lastKnownFileType = sourcecode.c.h; path = AUInputElement.h; sourceTree = "<group>"; };
		FFDB856415141B6E004BA672 /* AUOutputElement.cpp */ = {isa = PBXFileReference; fileEncoding = 4; lastKnownFileType = sourcecode.cpp.cpp; path = AUOutputElement.cpp; sourceTree = "<group>"; };
		FFDB856515141B6E004BA672 /* AUOutputElement.h */ = {isa = PBXFileReference; fileEncoding = 4; lastKnownFileType = sourcecode.c.h; path = AUOutputElement.h; sourceTree = "<group>"; };
		FFDB856615141B6E004BA672 /* AUResources.r */ = {isa = PBXFileReference; fileEncoding = 4; lastKnownFileType = sourcecode.rez; path = AUResources.r; sourceTree = "<group>"; };
		FFDB856715141B6E004BA672 /* AUScopeElement.cpp */ = {isa = PBXFileReference; fileEncoding = 4; lastKnownFileType = sourcecode.cpp.cpp; path = AUScopeElement.cpp; sourceTree = "<group>"; };
		FFDB856815141B6E004BA672 /* AUScopeElement.h */ = {isa = PBXFileReference; fileEncoding = 4; lastKnownFileType = sourcecode.c.h; path = AUScopeElement.h; sourceTree = "<group>"; };
		FFDB856915141B6E004BA672 /* ComponentBase.cpp */ = {isa = PBXFileReference; fileEncoding = 4; lastKnownFileType = sourcecode.cpp.cpp; path = ComponentBase.cpp; sourceTree = "<group>"; };
		FFDB856A15141B6E004BA672 /* ComponentBase.h */ = {isa = PBXFileReference; fileEncoding = 4; lastKnownFileType = sourcecode.c.h; path = ComponentBase.h; sourceTree = "<group>"; };
		FFDB857215141B83004BA672 /* AUEffectBase.cpp */ = {isa = PBXFileReference; fileEncoding = 4; lastKnownFileType = sourcecode.cpp.cpp; name = AUEffectBase.cpp; path = AudioUnits/AUPublic/OtherBases/AUEffectBase.cpp; sourceTree = "<group>"; };
		FFDB857315141B83004BA672 /* AUEffectBase.h */ = {isa = PBXFileReference; fileEncoding = 4; lastKnownFileType = sourcecode.c.h; name = AUEffectBase.h; path = AudioUnits/AUPublic/OtherBases/AUEffectBase.h; sourceTree = "<group>"; };
		FFDB857615141B92004BA672 /* AUBaseHelper.cpp */ = {isa = PBXFileReference; fileEncoding = 4; lastKnownFileType = sourcecode.cpp.cpp; path = AUBaseHelper.cpp; sourceTree = "<group>"; };
		FFDB857715141B92004BA672 /* AUBaseHelper.h */ = {isa = PBXFileReference; fileEncoding = 4; lastKnownFileType = sourcecode.c.h; path = AUBaseHelper.h; sourceTree = "<group>"; };
		FFDB857815141B92004BA672 /* AUBuffer.cpp */ = {isa = PBXFileReference; fileEncoding = 4; lastKnownFileType = sourcecode.cpp.cpp; path = AUBuffer.cpp; sourceTree = "<group>"; };
		FFDB857915141B92004BA672 /* AUBuffer.h */ = {isa = PBXFileReference; fileEncoding = 4; lastKnownFileType = sourcecode.c.h; path = AUBuffer.h; sourceTree = "<group>"; };
		FFDB857C15141B92004BA672 /* AUInputFormatConverter.h */ = {isa = PBXFileReference; fileEncoding = 4; lastKnownFileType = sourcecode.c.h; path = AUInputFormatConverter.h; sourceTree = "<group>"; };
		FFDB857D15141B92004BA672 /* AUSilentTimeout.h */ = {isa = PBXFileReference; fileEncoding = 4; lastKnownFileType = sourcecode.c.h; path = AUSilentTimeout.h; sourceTree = "<group>"; };
		FFDB857E15141B92004BA672 /* AUTimestampGenerator.cpp */ = {isa = PBXFileReference; fileEncoding = 4; lastKnownFileType = sourcecode.cpp.cpp; path = AUTimestampGenerator.cpp; sourceTree = "<group>"; };
		FFDB857F15141B92004BA672 /* AUTimestampGenerator.h */ = {isa = PBXFileReference; fileEncoding = 4; lastKnownFileType = sourcecode.c.h; path = AUTimestampGenerator.h; sourceTree = "<group>"; };
		FFDB858415141D04004BA672 /* CAAudioChannelLayout.cpp */ = {isa = PBXFileReference; fileEncoding = 4; lastKnownFileType = sourcecode.cpp.cpp; name = CAAudioChannelLayout.cpp; path = PublicUtility/CAAudioChannelLayout.cpp; sourceTree = "<group>"; };
		FFDB858515141D04004BA672 /* CAAudioChannelLayout.h */ = {isa = PBXFileReference; fileEncoding = 4; lastKnownFileType = sourcecode.c.h; name = CAAudioChannelLayout.h; path = PublicUtility/CAAudioChannelLayout.h; sourceTree = "<group>"; };
		FFDB858615141D04004BA672 /* CAAutoDisposer.h */ = {isa = PBXFileReference; fileEncoding = 4; lastKnownFileType = sourcecode.c.h; name = CAAutoDisposer.h; path = PublicUtility/CAAutoDisposer.h; sourceTree = "<group>"; };
		FFDB858715141D04004BA672 /* CADebugMacros.cpp */ = {isa = PBXFileReference; fileEncoding = 4; lastKnownFileType = sourcecode.cpp.cpp; name = CADebugMacros.cpp; path = PublicUtility/CADebugMacros.cpp; sourceTree = "<group>"; };
		FFDB858815141D04004BA672 /* CADebugMacros.h */ = {isa = PBXFileReference; fileEncoding = 4; lastKnownFileType = sourcecode.c.h; name = CADebugMacros.h; path = PublicUtility/CADebugMacros.h; sourceTree = "<group>"; };
		FFDB858915141D04004BA672 /* CAException.h */ = {isa = PBXFileReference; fileEncoding = 4; lastKnownFileType = sourcecode.c.h; name = CAException.h; path = PublicUtility/CAException.h; sourceTree = "<group>"; };
		FFDB858A15141D04004BA672 /* CAHostTimeBase.cpp */ = {isa = PBXFileReference; fileEncoding = 4; lastKnownFileType = sourcecode.cpp.cpp; name = CAHostTimeBase.cpp; path = PublicUtility/CAHostTimeBase.cpp; sourceTree = "<group>"; };
		FFDB858B15141D04004BA672 /* CAHostTimeBase.h */ = {isa = PBXFileReference; fileEncoding = 4; lastKnownFileType = sourcecode.c.h; name = CAHostTimeBase.h; path = PublicUtility/CAHostTimeBase.h; sourceTree = "<group>"; };
		FFDB858C15141D05004BA672 /* CAMath.h */ = {isa = PBXFileReference; fileEncoding = 4; lastKnownFileType = sourcecode.c.h; name = CAMath.h; path = PublicUtility/CAMath.h; sourceTree = "<group>"; };
		FFDB858F15141D05004BA672 /* CAThreadSafeList.h */ = {isa = PBXFileReference; fileEncoding = 4; lastKnownFileType = sourcecode.c.h; name = CAThreadSafeList.h; path = PublicUtility/CAThreadSafeList.h; sourceTree = "<group>"; };
		FFDB859015141D05004BA672 /* CAVectorUnit.cpp */ = {isa = PBXFileReference; fileEncoding = 4; lastKnownFileType = sourcecode.cpp.cpp; name = CAVectorUnit.cpp; path = PublicUtility/CAVectorUnit.cpp; sourceTree = "<group>"; };
		FFDB859115141D05004BA672 /* CAVectorUnit.h */ = {isa = PBXFileReference; fileEncoding = 4; lastKnownFileType = sourcecode.c.h; name = CAVectorUnit.h; path = PublicUtility/CAVectorUnit.h; sourceTree = "<group>"; };
		FFDB859715141D23004BA672 /* audio.cpp */ = {isa = PBXFileReference; fileEncoding = 4; lastKnownFileType = sourcecode.cpp.cpp; path = audio.cpp; sourceTree = "<group>"; };
		FFDB859915141D9D004BA672 /* CAStreamBasicDescription.cpp */ = {isa = PBXFileReference; fileEncoding = 4; lastKnownFileType = sourcecode.cpp.cpp; name = CAStreamBasicDescription.cpp; path = PublicUtility/CAStreamBasicDescription.cpp; sourceTree = "<group>"; };
		FFDB859A15141D9D004BA672 /* CAStreamBasicDescription.h */ = {isa = PBXFileReference; fileEncoding = 4; lastKnownFileType = sourcecode.c.h; name = CAStreamBasicDescription.h; path = PublicUtility/CAStreamBasicDescription.h; sourceTree = "<group>"; };
		FFDB859C15141DDE004BA672 /* CAXException.cpp */ = {isa = PBXFileReference; fileEncoding = 4; lastKnownFileType = sourcecode.cpp.cpp; name = CAXException.cpp; path = PublicUtility/CAXException.cpp; sourceTree = "<group>"; };
		FFDB859E15141DFF004BA672 /* CAXException.h */ = {isa = PBXFileReference; fileEncoding = 4; lastKnownFileType = sourcecode.c.h; name = CAXException.h; path = PublicUtility/CAXException.h; sourceTree = "<group>"; };
		FFF2F56915D5BE2B00CEA715 /* CAPlayThrough.cpp */ = {isa = PBXFileReference; fileEncoding = 4; lastKnownFileType = sourcecode.cpp.cpp; path = CAPlayThrough.cpp; sourceTree = "<group>"; };
		FFF2F56A15D5BE2B00CEA715 /* CAPlayThrough.h */ = {isa = PBXFileReference; fileEncoding = 4; lastKnownFileType = sourcecode.c.h; path = CAPlayThrough.h; sourceTree = "<group>"; };
		FFF2F56D15D5C28100CEA715 /* CARingBuffer.cpp */ = {isa = PBXFileReference; fileEncoding = 4; lastKnownFileType = sourcecode.cpp.cpp; name = CARingBuffer.cpp; path = PublicUtility/CARingBuffer.cpp; sourceTree = "<group>"; };
		FFF2F56E15D5C28200CEA715 /* CARingBuffer.h */ = {isa = PBXFileReference; fileEncoding = 4; lastKnownFileType = sourcecode.c.h; name = CARingBuffer.h; path = PublicUtility/CARingBuffer.h; sourceTree = "<group>"; };
		FFF2F57115D5C34000CEA715 /* AudioDevice.cpp */ = {isa = PBXFileReference; fileEncoding = 4; lastKnownFileType = sourcecode.cpp.cpp; path = AudioDevice.cpp; sourceTree = "<group>"; };
		FFF2F57215D5C34100CEA715 /* AudioDevice.h */ = {isa = PBXFileReference; fileEncoding = 4; lastKnownFileType = sourcecode.c.h; path = AudioDevice.h; sourceTree = "<group>"; };
/* End PBXFileReference section */

/* Begin PBXFrameworksBuildPhase section */
		FF08F67E15D4348600A8A646 /* Frameworks */ = {
			isa = PBXFrameworksBuildPhase;
			buildActionMask = 2147483647;
			files = (
				FF93E17716D49D4A008E51E6 /* CoreMIDI.framework in Frameworks */,
				FFAB983815E91850008D97F1 /* JavaScriptCore.framework in Frameworks */,
				FF41350415E1A46C001ACF64 /* WebKit.framework in Frameworks */,
				FF08F6F215D474B500A8A646 /* CoreAudio.framework in Frameworks */,
				FF08F6EA15D45A2900A8A646 /* AudioToolbox.framework in Frameworks */,
				FF08F6E215D4434400A8A646 /* AudioUnit.framework in Frameworks */,
				FF08F68515D4348600A8A646 /* Cocoa.framework in Frameworks */,
			);
			runOnlyForDeploymentPostprocessing = 0;
		};
		FFC1A2B51515302800D447CC /* Frameworks */ = {
			isa = PBXFrameworksBuildPhase;
			buildActionMask = 2147483647;
			files = (
				FF8FFB1F16D2FB30001FC912 /* AudioToolbox.framework in Frameworks */,
				FF8FFB2016D2FB30001FC912 /* AudioUnit.framework in Frameworks */,
				FF9BA09015E95A5000E2E2BB /* WebKit.framework in Frameworks */,
				FFAB983715E91849008D97F1 /* JavaScriptCore.framework in Frameworks */,
				FFC1A2C51515307200D447CC /* AppKit.framework in Frameworks */,
				FFC1A2C41515306300D447CC /* Foundation.framework in Frameworks */,
				FFC1A2B91515302800D447CC /* Cocoa.framework in Frameworks */,
			);
			runOnlyForDeploymentPostprocessing = 0;
		};
		FFCF842D15EA8C0000333567 /* Frameworks */ = {
			isa = PBXFrameworksBuildPhase;
			buildActionMask = 2147483647;
			files = (
				FF93E17916D4A4C7008E51E6 /* CoreMIDI.framework in Frameworks */,
				FF45E63315F12E9200280886 /* AudioToolbox.framework in Frameworks */,
				FF45E63515F12E9200280886 /* CoreAudio.framework in Frameworks */,
				FF45E62F15F12D5500280886 /* CoreFoundation.framework in Frameworks */,
				FFCF843315EA8C0000333567 /* UIKit.framework in Frameworks */,
				FFCF843515EA8C0000333567 /* Foundation.framework in Frameworks */,
				FFCF843715EA8C0000333567 /* CoreGraphics.framework in Frameworks */,
			);
			runOnlyForDeploymentPostprocessing = 0;
		};
		FFDB853815141284004BA672 /* Frameworks */ = {
			isa = PBXFrameworksBuildPhase;
			buildActionMask = 2147483647;
			files = (
				FFDB8557151419A3004BA672 /* AudioUnit.framework in Frameworks */,
				FFDB85551514199A004BA672 /* CoreServices.framework in Frameworks */,
				FFDB855315141990004BA672 /* AudioToolbox.framework in Frameworks */,
			);
			runOnlyForDeploymentPostprocessing = 0;
		};
/* End PBXFrameworksBuildPhase section */

/* Begin PBXGroup section */
		FF08F68315D4348600A8A646 /* Frameworks */ = {
			isa = PBXGroup;
			children = (
				FF08F68415D4348600A8A646 /* Cocoa.framework */,
				FFCF843215EA8C0000333567 /* UIKit.framework */,
				FFCF843415EA8C0000333567 /* Foundation.framework */,
				FFCF843615EA8C0000333567 /* CoreGraphics.framework */,
				FF08F68615D4348600A8A646 /* Other Frameworks */,
			);
			name = Frameworks;
			sourceTree = "<group>";
		};
		FF08F68615D4348600A8A646 /* Other Frameworks */ = {
			isa = PBXGroup;
			children = (
				FF08F68715D4348600A8A646 /* AppKit.framework */,
				FF08F68815D4348600A8A646 /* CoreData.framework */,
				FF08F68915D4348600A8A646 /* Foundation.framework */,
			);
			name = "Other Frameworks";
			sourceTree = "<group>";
		};
		FF08F68A15D4348600A8A646 /* #PROJNAMEstandalone */ = {
			isa = PBXGroup;
			children = (
				FFF2F57115D5C34000CEA715 /* AudioDevice.cpp */,
				FFF2F57215D5C34100CEA715 /* AudioDevice.h */,
				FFF2F56915D5BE2B00CEA715 /* CAPlayThrough.cpp */,
				FFF2F56A15D5BE2B00CEA715 /* CAPlayThrough.h */,
				FF08F69615D4348600A8A646 /* #PROJNAMEAppDelegate.h */,
				FF08F69715D4348600A8A646 /* #PROJNAMEAppDelegate.mm */,
				FF08F69915D4348700A8A646 /* MainMenu.xib */,
				FF08F68B15D4348600A8A646 /* Supporting Files */,
			);
			name = #PROJNAMEstandalone;
			path = "JSAU Source/#PROJNAMEstandalone";
			sourceTree = "<group>";
		};
		FF08F68B15D4348600A8A646 /* Supporting Files */ = {
			isa = PBXGroup;
			children = (
				FF08F68C15D4348600A8A646 /* #PROJNAMEstandalone-Info.plist */,
				FF08F68D15D4348600A8A646 /* InfoPlist.strings */,
				FF08F69015D4348600A8A646 /* main.mm */,
				FF08F69215D4348600A8A646 /* #PROJNAMEstandalone-Prefix.pch */,
			);
			name = "Supporting Files";
			sourceTree = "<group>";
		};
		FF5C463B15F50829002FF019 /* iOS helpers */ = {
			isa = PBXGroup;
			children = (
				FF5C463C15F50864002FF019 /* iosAUEvents.h */,
				FF5C463D15F50AEB002FF019 /* iosAUEvents.cpp */,
				FF5C464115F55ECD002FF019 /* obsfu.mm */,
				FF5C464215F55ECD002FF019 /* obsfu.h */,
			);
			name = "iOS helpers";
			sourceTree = "<group>";
		};
		FF76445F1579538A00E41F35 /* Supporting Files */ = {
			isa = PBXGroup;
			children = (
				FF567EE215DE9BC5005090B3 /* #PROJNAME.icns */,
				FF7644601579538A00E41F35 /* #PROJNAME-Info.plist */,
				FF7644611579538A00E41F35 /* #PROJNAME-Prefix.pch */,
				FF7644621579538A00E41F35 /* #PROJNAME.exp */,
				FF7644631579538A00E41F35 /* #PROJNAME.r */,
				FF7644651579538A00E41F35 /* InfoPlist.strings */,
				FF857DE815CA1E03005D0614 /* audioprops.h */,
				FF234F2615CC6EB8003C97AA /* jsaubase.cpp */,
				FF234F2915CC6EC9003C97AA /* jsaubase.h */,
			);
			name = "Supporting Files";
			path = "JSAU source/#PROJNAME";
			sourceTree = SOURCE_ROOT;
		};
		FF9E2D9C15CCBB15009026AE /* Framework Sources */ = {
			isa = PBXGroup;
			children = (
				FF45E63015F12E9100280886 /* AudioToolbox.framework */,
				FF45E63115F12E9200280886 /* AudioUnit.framework */,
				FF45E63215F12E9200280886 /* CoreAudio.framework */,
				FF45E62E15F12D5500280886 /* CoreFoundation.framework */,
				FFAB983515E9183E008D97F1 /* JavaScriptCore.framework */,
				FF41350315E1A46C001ACF64 /* WebKit.framework */,
				FF08F6F115D474B500A8A646 /* CoreAudio.framework */,
				FFCF843815EA8C0000333567 /* #PROJNAMEios */,
				FF08F68A15D4348600A8A646 /* #PROJNAMEstandalone */,
				FFDB8556151419A3004BA672 /* AudioUnit.framework */,
				FFDB85541514199A004BA672 /* CoreServices.framework */,
				FFDB855215141990004BA672 /* AudioToolbox.framework */,
				FFDB854415141284004BA672 /* Audio */,
				FF76445F1579538A00E41F35 /* Supporting Files */,
				FFDB85511514136D004BA672 /* AU SDK */,
				FFDB85501514135C004BA672 /* AU Source */,
				FFC1A2BA1515302800D447CC /* CocoaUI */,
				FF6A97F8152F8BF700C8ED05 /* ui */,
				FFC1A2CC1515357B00D447CC /* Source */,
				FFC1A2BB1515302800D447CC /* Supporting Files */,
				FFDB853D15141284004BA672 /* Frameworks */,
				FFDB853E15141284004BA672 /* Cocoa.framework */,
				FFDB854015141284004BA672 /* Other Frameworks */,
			);
			name = "Framework Sources";
			sourceTree = "<group>";
		};
		FF9E2D9D15CCBB37009026AE /* Audio Processing Source */ = {
			isa = PBXGroup;
			children = (
				FFDB859715141D23004BA672 /* audio.cpp */,
			);
			name = "Audio Processing Source";
			sourceTree = "<group>";
		};
		FFAB983915E92DCC008D97F1 /* Wrappers */ = {
			isa = PBXGroup;
			children = (
				FFAB983015E68558008D97F1 /* AUWrapper.h */,
				FFAB983215E68603008D97F1 /* AUWrapper.mm */,
				FFAB983A15E92DF1008D97F1 /* LowLevelCocoaUtils.h */,
				FFAB983B15E92EDF008D97F1 /* AUPropParamBase.h */,
				FFAB983C15E92EDF008D97F1 /* AUPropParamBase.mm */,
				FFAB983F15E9307F008D97F1 /* AUProp.h */,
				FFAB984015E9307F008D97F1 /* AUProp.mm */,
				FF72865615E9406C0075FC5A /* AUParam.h */,
				FF72865715E9406C0075FC5A /* AUParam.mm */,
			);
			name = Wrappers;
			sourceTree = "<group>";
		};
		FFC1A2BA1515302800D447CC /* CocoaUI */ = {
			isa = PBXGroup;
			children = (
			);
			name = CocoaUI;
			path = "JSAU source/CocoaUI";
			sourceTree = "<group>";
		};
		FFC1A2BB1515302800D447CC /* Supporting Files */ = {
			isa = PBXGroup;
			children = (
				FFC1A2BC1515302800D447CC /* CocoaUI-Info.plist */,
				FFC1A2BD1515302800D447CC /* InfoPlist.strings */,
				FFC1A2C01515302800D447CC /* CocoaUI-Prefix.pch */,
				FFC1A2C81515345900D447CC /* webview.xib */,
			);
			name = "Supporting Files";
			path = "JSAU source/CocoaUI";
			sourceTree = "<group>";
		};
		FFC1A2CC1515357B00D447CC /* Source */ = {
			isa = PBXGroup;
			children = (
				FF5C463B15F50829002FF019 /* iOS helpers */,
				FFAB983915E92DCC008D97F1 /* Wrappers */,
				FFC1A2CE151535C100D447CC /* #PROJNAME_ViewFactory.h */,
				FFC1A2CF151535C100D447CC /* #PROJNAME_ViewFactory.mm */,
				FFC1A2D11515404A00D447CC /* #PROJNAME_WebView.h */,
				FFC1A2D21515404A00D447CC /* #PROJNAME_WebView.mm */,
				FF93E17216D496AE008E51E6 /* MIDIReceiver.cpp */,
				FF93E17316D496AE008E51E6 /* MIDIReceiver.h */,
			);
			name = Source;
			path = "JSAU source/CocoaUI";
			sourceTree = "<group>";
		};
		FFCF843815EA8C0000333567 /* #PROJNAMEios */ = {
			isa = PBXGroup;
			children = (
				FFCF844115EA8C0100333567 /* #PROJNAMEAppDelegate.h */,
				FFCF844215EA8C0100333567 /* #PROJNAMEAppDelegate.mm */,
				FFCF844415EA8C0100333567 /* #PROJNAMEViewController.h */,
				FFCF844515EA8C0100333567 /* #PROJNAMEViewController.mm */,
				FFCF844715EA8C0100333567 /* #PROJNAMEViewController_iPhone.xib */,
				FFCF844A15EA8C0100333567 /* #PROJNAMEViewController_iPad.xib */,
				FFCF843915EA8C0000333567 /* Supporting Files */,
			);
			name = #PROJNAMEios;
			path = "JSAU Source/#PROJNAMEios";
			sourceTree = "<group>";
		};
		FFCF843915EA8C0000333567 /* Supporting Files */ = {
			isa = PBXGroup;
			children = (
				FFCF843A15EA8C0000333567 /* #PROJNAMEios-Info.plist */,
				FFCF843B15EA8C0000333567 /* InfoPlist.strings */,
				FFCF843E15EA8C0000333567 /* main.mm */,
				FFCF844015EA8C0100333567 /* #PROJNAMEios-Prefix.pch */,
			);
			name = "Supporting Files";
			sourceTree = "<group>";
		};
		FFDB853015141283004BA672 = {
			isa = PBXGroup;
			children = (
				FF93E17816D4A4C7008E51E6 /* CoreMIDI.framework */,
				FF93E17616D49D4A008E51E6 /* CoreMIDI.framework */,
				FF08F68315D4348600A8A646 /* Frameworks */,
				FFDB853C15141284004BA672 /* Products */,
				FF9E2D9D15CCBB37009026AE /* Audio Processing Source */,
				FF9E2D9C15CCBB15009026AE /* Framework Sources */,
			);
			sourceTree = "<group>";
		};
		FFDB853C15141284004BA672 /* Products */ = {
			isa = PBXGroup;
			children = (
				FFDB853B15141284004BA672 /* #PROJNAME.component */,
				FFC1A2B81515302800D447CC /* CocoaUI.bundle */,
				FF08F68115D4348600A8A646 /* #NAME.app */,
				FFCF843015EA8C0000333567 /* #NAME.app */,
			);
			name = Products;
			sourceTree = "<group>";
		};
		FFDB853D15141284004BA672 /* Frameworks */ = {
			isa = PBXGroup;
			children = (
			);
			name = Frameworks;
			sourceTree = "<group>";
		};
		FFDB854015141284004BA672 /* Other Frameworks */ = {
			isa = PBXGroup;
			children = (
				FFDB854115141284004BA672 /* AppKit.framework */,
				FFDB854215141284004BA672 /* CoreData.framework */,
				FFDB854315141284004BA672 /* Foundation.framework */,
			);
			name = "Other Frameworks";
			sourceTree = "<group>";
		};
		FFDB854415141284004BA672 /* Audio */ = {
			isa = PBXGroup;
			children = (
			);
			name = Audio;
			path = #PROJNAME;
			sourceTree = "<group>";
		};
		FFDB85501514135C004BA672 /* AU Source */ = {
			isa = PBXGroup;
			children = (
			);
			name = "AU Source";
			sourceTree = SOURCE_ROOT;
		};
		FFDB85511514136D004BA672 /* AU SDK */ = {
			isa = PBXGroup;
			children = (
				FFF2F56D15D5C28100CEA715 /* CARingBuffer.cpp */,
				FFF2F56E15D5C28200CEA715 /* CARingBuffer.h */,
				FFDB859E15141DFF004BA672 /* CAXException.h */,
				FFDB859C15141DDE004BA672 /* CAXException.cpp */,
				FFDB859915141D9D004BA672 /* CAStreamBasicDescription.cpp */,
				FFDB859A15141D9D004BA672 /* CAStreamBasicDescription.h */,
				FFDB858415141D04004BA672 /* CAAudioChannelLayout.cpp */,
				FFDB858515141D04004BA672 /* CAAudioChannelLayout.h */,
				FFDB858615141D04004BA672 /* CAAutoDisposer.h */,
				FFDB858715141D04004BA672 /* CADebugMacros.cpp */,
				FFDB858815141D04004BA672 /* CADebugMacros.h */,
				FFDB858915141D04004BA672 /* CAException.h */,
				FFDB858A15141D04004BA672 /* CAHostTimeBase.cpp */,
				FFDB858B15141D04004BA672 /* CAHostTimeBase.h */,
				FFDB858C15141D05004BA672 /* CAMath.h */,
				FFDB858F15141D05004BA672 /* CAThreadSafeList.h */,
				FFDB859015141D05004BA672 /* CAVectorUnit.cpp */,
				FFDB859115141D05004BA672 /* CAVectorUnit.h */,
				FFDB857515141B92004BA672 /* Utility */,
				FFDB857215141B83004BA672 /* AUEffectBase.cpp */,
				FFDB857315141B83004BA672 /* AUEffectBase.h */,
				FFDB855D15141B6E004BA672 /* AUBase */,
			);
			name = "AU SDK";
			path = "JSAU Source/CoreAudio";
			sourceTree = "<group>";
		};
		FFDB855D15141B6E004BA672 /* AUBase */ = {
			isa = PBXGroup;
			children = (
				FF38EDAD16D1AE1D00FE87B8 /* MusicDeviceBase.cpp */,
				FF38EDAE16D1AE1D00FE87B8 /* MusicDeviceBase.h */,
				FF367A3016C8C59000DBBBE5 /* AUMIDIBase.cpp */,
				FF367A3116C8C59000DBBBE5 /* AUMIDIBase.h */,
				FF367A3216C8C59000DBBBE5 /* AUMIDIEffectBase.cpp */,
				FF367A3316C8C59000DBBBE5 /* AUMIDIEffectBase.h */,
				FF1C162815F120D7003D9B0B /* AUPlugInDispatch.cpp */,
				FF1C162915F120D7003D9B0B /* AUPlugInDispatch.h */,
				FFDB855E15141B6E004BA672 /* AUBase.cpp */,
				FFDB855F15141B6E004BA672 /* AUBase.h */,
				FFDB856015141B6E004BA672 /* AUDispatch.cpp */,
				FFDB856115141B6E004BA672 /* AUDispatch.h */,
				FFDB856215141B6E004BA672 /* AUInputElement.cpp */,
				FFDB856315141B6E004BA672 /* AUInputElement.h */,
				FFDB856415141B6E004BA672 /* AUOutputElement.cpp */,
				FFDB856515141B6E004BA672 /* AUOutputElement.h */,
				FFDB856615141B6E004BA672 /* AUResources.r */,
				FFDB856715141B6E004BA672 /* AUScopeElement.cpp */,
				FFDB856815141B6E004BA672 /* AUScopeElement.h */,
				FFDB856915141B6E004BA672 /* ComponentBase.cpp */,
				FFDB856A15141B6E004BA672 /* ComponentBase.h */,
			);
			name = AUBase;
			path = AudioUnits/AUPublic/AUBase;
			sourceTree = "<group>";
		};
		FFDB857515141B92004BA672 /* Utility */ = {
			isa = PBXGroup;
			children = (
				FFDB857615141B92004BA672 /* AUBaseHelper.cpp */,
				FFDB857715141B92004BA672 /* AUBaseHelper.h */,
				FFDB857815141B92004BA672 /* AUBuffer.cpp */,
				FFDB857915141B92004BA672 /* AUBuffer.h */,
				FFDB857C15141B92004BA672 /* AUInputFormatConverter.h */,
				FFDB857D15141B92004BA672 /* AUSilentTimeout.h */,
				FFDB857E15141B92004BA672 /* AUTimestampGenerator.cpp */,
				FFDB857F15141B92004BA672 /* AUTimestampGenerator.h */,
			);
			name = Utility;
			path = AudioUnits/AUPublic/Utility;
			sourceTree = "<group>";
		};
/* End PBXGroup section */

/* Begin PBXNativeTarget section */
		FF08F68015D4348600A8A646 /* #PROJNAMEstandalone */ = {
			isa = PBXNativeTarget;
			buildConfigurationList = FF08F69E15D4348700A8A646 /* Build configuration list for PBXNativeTarget "#PROJNAMEstandalone" */;
			buildPhases = (
				FF08F67D15D4348600A8A646 /* Sources */,
				FF08F67E15D4348600A8A646 /* Frameworks */,
				FF08F67F15D4348600A8A646 /* Resources */,
				FF08F6EF15D45C4600A8A646 /* CopyFiles */,
			);
			buildRules = (
			);
			dependencies = (
			);
			name = #PROJNAMEstandalone;
			productName = #PROJNAMEstandalone;
			productReference = FF08F68115D4348600A8A646 /* #NAME.app */;
			productType = "com.apple.product-type.application";
		};
		FFC1A2B71515302800D447CC /* CocoaUI */ = {
			isa = PBXNativeTarget;
			buildConfigurationList = FFC1A2C11515302800D447CC /* Build configuration list for PBXNativeTarget "CocoaUI" */;
			buildPhases = (
				FFC1A2B41515302800D447CC /* Sources */,
				FFC1A2B51515302800D447CC /* Frameworks */,
				FF17E0071516EBFD00A85EB4 /* CopyFiles */,
				FFECCC70151BDE37003D3564 /* CopyFiles */,
				FFC1A2B61515302800D447CC /* Resources */,
			);
			buildRules = (
			);
			dependencies = (
			);
			name = CocoaUI;
			productName = CocoaUI;
			productReference = FFC1A2B81515302800D447CC /* CocoaUI.bundle */;
			productType = "com.apple.product-type.bundle";
		};
		FFCF842F15EA8C0000333567 /* #PROJNAMEios */ = {
			isa = PBXNativeTarget;
			buildConfigurationList = FFCF844F15EA8C0100333567 /* Build configuration list for PBXNativeTarget "#PROJNAMEios" */;
			buildPhases = (
				FFCF842C15EA8C0000333567 /* Sources */,
				FFCF842D15EA8C0000333567 /* Frameworks */,
				FFCF842E15EA8C0000333567 /* Resources */,
				FF5C463F15F51037002FF019 /* CopyFiles */,
			);
			buildRules = (
			);
			dependencies = (
			);
			name = #PROJNAMEios;
			productName = #PROJNAMEios;
			productReference = FFCF843015EA8C0000333567 /* #NAME.app */;
			productType = "com.apple.product-type.application";
		};
		FFDB853A15141284004BA672 /* #PROJNAME */ = {
			isa = PBXNativeTarget;
			buildConfigurationList = FFDB854D15141284004BA672 /* Build configuration list for PBXNativeTarget "#PROJNAME" */;
			buildPhases = (
				FFDB853715141284004BA672 /* Sources */,
				FFDB853815141284004BA672 /* Frameworks */,
				FFDB853915141284004BA672 /* Resources */,
				FFDB855915141A67004BA672 /* Rez */,
				FF17DFDE1516D05300A85EB4 /* CopyFiles */,
			);
			buildRules = (
			);
			dependencies = (
				FFC1A2C71515309900D447CC /* PBXTargetDependency */,
			);
			name = #PROJNAME;
			productName = #PROJNAME;
			productReference = FFDB853B15141284004BA672 /* #PROJNAME.component */;
			productType = "com.apple.product-type.bundle";
		};
/* End PBXNativeTarget section */

/* Begin PBXProject section */
		FFDB853215141283004BA672 /* Project object */ = {
			isa = PBXProject;
			attributes = {
				LastUpgradeCheck = 0420;
			};
			buildConfigurationList = FFDB853515141283004BA672 /* Build configuration list for PBXProject "#PROJNAME" */;
			compatibilityVersion = "Xcode 3.2";
			developmentRegion = English;
			hasScannedForEncodings = 0;
			knownRegions = (
				en,
				am,
				ar,
				bg,
				bn,
				ca,
				cs,
				da,
				de,
				el,
				en_GB,
				es,
				es_419,
				et,
				fa,
				fi,
				fil,
				fr,
				gu,
				he,
				hi,
				hr,
				hu,
				id,
				it,
				ja,
				kn,
				ko,
				lt,
				lv,
				ml,
				mr,
				nb,
				nl,
				pl,
				pt_BR,
				pt_PT,
				ro,
				ru,
				sk,
				sl,
				sr,
				sv,
				sw,
				ta,
				te,
				th,
				tr,
				uk,
				vi,
				zh_CN,
				zh_TW,
			);
			mainGroup = FFDB853015141283004BA672;
			productRefGroup = FFDB853C15141284004BA672 /* Products */;
			projectDirPath = "";
			projectRoot = "";
			targets = (
				FFDB853A15141284004BA672 /* #PROJNAME */,
				FFC1A2B71515302800D447CC /* CocoaUI */,
				FF08F68015D4348600A8A646 /* #PROJNAMEstandalone */,
				FFCF842F15EA8C0000333567 /* #PROJNAMEios */,
			);
		};
/* End PBXProject section */

/* Begin PBXResourcesBuildPhase section */
		FF08F67F15D4348600A8A646 /* Resources */ = {
			isa = PBXResourcesBuildPhase;
			buildActionMask = 2147483647;
			files = (
				FF08F68F15D4348600A8A646 /* InfoPlist.strings in Resources */,
				FF08F69B15D4348700A8A646 /* MainMenu.xib in Resources */,
				FF567EE415DE9BC5005090B3 /* #PROJNAME.icns in Resources */,
			);
			runOnlyForDeploymentPostprocessing = 0;
		};
		FFC1A2B61515302800D447CC /* Resources */ = {
			isa = PBXResourcesBuildPhase;
			buildActionMask = 2147483647;
			files = (
				FFC1A2C91515345900D447CC /* webview.xib in Resources */,
				FFC1A2BF1515302800D447CC /* InfoPlist.strings in Resources */,
				FF9E2D9B15CCB13E009026AE /* ui in Resources */,
			);
			runOnlyForDeploymentPostprocessing = 0;
		};
		FFCF842E15EA8C0000333567 /* Resources */ = {
			isa = PBXResourcesBuildPhase;
			buildActionMask = 2147483647;
			files = (
				FFCF843D15EA8C0000333567 /* InfoPlist.strings in Resources */,
				FFCF844915EA8C0100333567 /* #PROJNAMEViewController_iPhone.xib in Resources */,
				FFCF844C15EA8C0100333567 /* #PROJNAMEViewController_iPad.xib in Resources */,
			);
			runOnlyForDeploymentPostprocessing = 0;
		};
		FFDB853915141284004BA672 /* Resources */ = {
			isa = PBXResourcesBuildPhase;
			buildActionMask = 2147483647;
			files = (
				FF7644671579538A00E41F35 /* #PROJNAME-Info.plist in Resources */,
				FF76446B1579538A00E41F35 /* InfoPlist.strings in Resources */,
				FF567EE315DE9BC5005090B3 /* #PROJNAME.icns in Resources */,
			);
			runOnlyForDeploymentPostprocessing = 0;
		};
/* End PBXResourcesBuildPhase section */

/* Begin PBXRezBuildPhase section */
		FFDB855915141A67004BA672 /* Rez */ = {
			isa = PBXRezBuildPhase;
			buildActionMask = 2147483647;
			files = (
				FF7644691579538A00E41F35 /* #PROJNAME.r in Rez */,
			);
			runOnlyForDeploymentPostprocessing = 0;
		};
/* End PBXRezBuildPhase section */

/* Begin PBXSourcesBuildPhase section */
		FF08F67D15D4348600A8A646 /* Sources */ = {
			isa = PBXSourcesBuildPhase;
			buildActionMask = 2147483647;
			files = (
				FF08F6E415D459BA00A8A646 /* #PROJNAME_WebView.mm in Sources */,
				FF08F6E115D4432D00A8A646 /* jsaubase.cpp in Sources */,
				FF08F6E015D442C000A8A646 /* AUEffectBase.cpp in Sources */,
				FF08F6DC15D442A700A8A646 /* CAStreamBasicDescription.cpp in Sources */,
				FF08F6DD15D442A700A8A646 /* CADebugMacros.cpp in Sources */,
				FF08F6DE15D442A700A8A646 /* CAHostTimeBase.cpp in Sources */,
				FF08F6DF15D442A700A8A646 /* CAVectorUnit.cpp in Sources */,
				FF08F6DB15D4428B00A8A646 /* CAAudioChannelLayout.cpp in Sources */,
				FF08F6DA15D4425900A8A646 /* audio.cpp in Sources */,
				FF08F6D615D4423300A8A646 /* AUInputElement.cpp in Sources */,
				FF08F6D715D4423300A8A646 /* AUOutputElement.cpp in Sources */,
				FF08F6D815D4423300A8A646 /* AUScopeElement.cpp in Sources */,
				FF08F6D915D4423300A8A646 /* ComponentBase.cpp in Sources */,
				FF08F6D015D441F600A8A646 /* AUBaseHelper.cpp in Sources */,
				FF08F6D115D441F600A8A646 /* AUBuffer.cpp in Sources */,
				FF08F6D315D441F600A8A646 /* AUTimestampGenerator.cpp in Sources */,
				FF08F6D415D441F600A8A646 /* AUBase.cpp in Sources */,
				FF08F6D515D441F600A8A646 /* AUDispatch.cpp in Sources */,
				FF08F6CF15D441AF00A8A646 /* CAXException.cpp in Sources */,
				FF08F69115D4348600A8A646 /* main.mm in Sources */,
				FF08F69815D4348600A8A646 /* #PROJNAMEAppDelegate.mm in Sources */,
				FFF2F56F15D5C28200CEA715 /* CARingBuffer.cpp in Sources */,
				FFF2F57015D5C2D500CEA715 /* CAPlayThrough.cpp in Sources */,
				FFF2F57315D5C34100CEA715 /* AudioDevice.cpp in Sources */,
				FFAB983415E68603008D97F1 /* AUWrapper.mm in Sources */,
				FFAB983E15E92EDF008D97F1 /* AUPropParamBase.mm in Sources */,
				FFAB984215E93080008D97F1 /* AUProp.mm in Sources */,
				FF72865915E9406C0075FC5A /* AUParam.mm in Sources */,
				FF1C162B15F12118003D9B0B /* AUPlugInDispatch.cpp in Sources */,
				FF5C464415F55ECD002FF019 /* obsfu.mm in Sources */,
				FF34723116C8CF690025B91C /* AUMIDIBase.cpp in Sources */,
				FF34723216C8CF690025B91C /* AUMIDIEffectBase.cpp in Sources */,
				FF93E17416D496AE008E51E6 /* MIDIReceiver.cpp in Sources */,
			);
			runOnlyForDeploymentPostprocessing = 0;
		};
		FFC1A2B41515302800D447CC /* Sources */ = {
			isa = PBXSourcesBuildPhase;
			buildActionMask = 2147483647;
			files = (
				FFC1A2D0151535C100D447CC /* #PROJNAME_ViewFactory.mm in Sources */,
				FFC1A2D31515404A00D447CC /* #PROJNAME_WebView.mm in Sources */,
				FFAB983315E68603008D97F1 /* AUWrapper.mm in Sources */,
				FFAB983D15E92EDF008D97F1 /* AUPropParamBase.mm in Sources */,
				FFAB984115E93080008D97F1 /* AUProp.mm in Sources */,
				FF72865815E9406C0075FC5A /* AUParam.mm in Sources */,
				FF5C464315F55ECD002FF019 /* obsfu.mm in Sources */,
			);
			runOnlyForDeploymentPostprocessing = 0;
		};
		FFCF842C15EA8C0000333567 /* Sources */ = {
			isa = PBXSourcesBuildPhase;
			buildActionMask = 2147483647;
			files = (
				FFCF845115EA8D1E00333567 /* audio.cpp in Sources */,
				FFCF843F15EA8C0000333567 /* main.mm in Sources */,
				FFCF844315EA8C0100333567 /* #PROJNAMEAppDelegate.mm in Sources */,
				FFCF844615EA8C0100333567 /* #PROJNAMEViewController.mm in Sources */,
				FF45E62615F12B4A00280886 /* AUEffectBase.cpp in Sources */,
				FF45E62715F12B4F00280886 /* AUPlugInDispatch.cpp in Sources */,
				FF45E62815F12B5500280886 /* AUBase.cpp in Sources */,
				FF45E62B15F12B6000280886 /* AUOutputElement.cpp in Sources */,
				FF45E62C15F12B6400280886 /* AUScopeElement.cpp in Sources */,
				FF45E62D15F12B6700280886 /* ComponentBase.cpp in Sources */,
				FF45E63615F12EB400280886 /* CAVectorUnit.cpp in Sources */,
				FF45E63715F12EB800280886 /* CAStreamBasicDescription.cpp in Sources */,
				FF45E63815F12EC700280886 /* AUBaseHelper.cpp in Sources */,
				FF45E63915F12ECB00280886 /* AUBuffer.cpp in Sources */,
				FF45E63A15F12ECE00280886 /* AUTimestampGenerator.cpp in Sources */,
				FF45E63B15F12EF500280886 /* jsaubase.cpp in Sources */,
				FF45E63C15F12EFC00280886 /* AUInputElement.cpp in Sources */,
				FF45E63D15F12F4B00280886 /* CAAudioChannelLayout.cpp in Sources */,
				FF45E63E15F12F5100280886 /* CAHostTimeBase.cpp in Sources */,
				FF5C463615F1CEF8002FF019 /* AUWrapper.mm in Sources */,
				FF5C463815F1CEFC002FF019 /* AUPropParamBase.mm in Sources */,
				FF5C463915F1CEFF002FF019 /* AUProp.mm in Sources */,
				FF5C463A15F1CF03002FF019 /* AUParam.mm in Sources */,
				FF5C463E15F50AEB002FF019 /* iosAUEvents.cpp in Sources */,
				FF5C464515F55ECD002FF019 /* obsfu.mm in Sources */,
				FF34723316C8CF6A0025B91C /* AUMIDIBase.cpp in Sources */,
				FF34723416C8CF6A0025B91C /* AUMIDIEffectBase.cpp in Sources */,
				FF93E17516D496AE008E51E6 /* MIDIReceiver.cpp in Sources */,
			);
			runOnlyForDeploymentPostprocessing = 0;
		};
		FFDB853715141284004BA672 /* Sources */ = {
			isa = PBXSourcesBuildPhase;
			buildActionMask = 2147483647;
			files = (
				FFDB856B15141B6E004BA672 /* AUBase.cpp in Sources */,
				FFDB856C15141B6E004BA672 /* AUDispatch.cpp in Sources */,
				FFDB856D15141B6E004BA672 /* AUInputElement.cpp in Sources */,
				FFDB856E15141B6E004BA672 /* AUOutputElement.cpp in Sources */,
				FFDB857015141B6E004BA672 /* AUScopeElement.cpp in Sources */,
				FFDB857115141B6E004BA672 /* ComponentBase.cpp in Sources */,
				FFDB857415141B83004BA672 /* AUEffectBase.cpp in Sources */,
				FFDB858015141B92004BA672 /* AUBaseHelper.cpp in Sources */,
				FFDB858115141B92004BA672 /* AUBuffer.cpp in Sources */,
				FFDB858315141B92004BA672 /* AUTimestampGenerator.cpp in Sources */,
				FFDB859215141D05004BA672 /* CAAudioChannelLayout.cpp in Sources */,
				FFDB859315141D05004BA672 /* CADebugMacros.cpp in Sources */,
				FFDB859415141D05004BA672 /* CAHostTimeBase.cpp in Sources */,
				FFDB859615141D05004BA672 /* CAVectorUnit.cpp in Sources */,
				FFDB859B15141D9D004BA672 /* CAStreamBasicDescription.cpp in Sources */,
				FFDB859D15141DDE004BA672 /* CAXException.cpp in Sources */,
				FF7644681579538A00E41F35 /* #PROJNAME.exp in Sources */,
				FF234F2715CC6EB8003C97AA /* jsaubase.cpp in Sources */,
				FF9E2D9A15CCB095009026AE /* audio.cpp in Sources */,
				FF1C162A15F120D7003D9B0B /* AUPlugInDispatch.cpp in Sources */,
				FF367A3416C8C59000DBBBE5 /* AUMIDIBase.cpp in Sources */,
				FF367A3516C8C59000DBBBE5 /* AUMIDIEffectBase.cpp in Sources */,
				FF38EDAF16D1AE1D00FE87B8 /* MusicDeviceBase.cpp in Sources */,
			);
			runOnlyForDeploymentPostprocessing = 0;
		};
/* End PBXSourcesBuildPhase section */

/* Begin PBXTargetDependency section */
		FFC1A2C71515309900D447CC /* PBXTargetDependency */ = {
			isa = PBXTargetDependency;
			target = FFC1A2B71515302800D447CC /* CocoaUI */;
			targetProxy = FFC1A2C61515309900D447CC /* PBXContainerItemProxy */;
		};
/* End PBXTargetDependency section */

/* Begin PBXVariantGroup section */
		FF08F68D15D4348600A8A646 /* InfoPlist.strings */ = {
			isa = PBXVariantGroup;
			children = (
				FF08F68E15D4348600A8A646 /* en */,
			);
			name = InfoPlist.strings;
			sourceTree = "<group>";
		};
		FF08F69915D4348700A8A646 /* MainMenu.xib */ = {
			isa = PBXVariantGroup;
			children = (
				FF08F69A15D4348700A8A646 /* en */,
			);
			name = MainMenu.xib;
			sourceTree = "<group>";
		};
		FF7644651579538A00E41F35 /* InfoPlist.strings */ = {
			isa = PBXVariantGroup;
			children = (
				FF7644661579538A00E41F35 /* en */,
			);
			name = InfoPlist.strings;
			sourceTree = "<group>";
		};
		FFC1A2BD1515302800D447CC /* InfoPlist.strings */ = {
			isa = PBXVariantGroup;
			children = (
				FFC1A2BE1515302800D447CC /* en */,
			);
			name = InfoPlist.strings;
			sourceTree = "<group>";
		};
		FFCF843B15EA8C0000333567 /* InfoPlist.strings */ = {
			isa = PBXVariantGroup;
			children = (
				FFCF843C15EA8C0000333567 /* en */,
			);
			name = InfoPlist.strings;
			sourceTree = "<group>";
		};
		FFCF844715EA8C0100333567 /* #PROJNAMEViewController_iPhone.xib */ = {
			isa = PBXVariantGroup;
			children = (
				FFCF844815EA8C0100333567 /* en */,
			);
			name = #PROJNAMEViewController_iPhone.xib;
			sourceTree = "<group>";
		};
		FFCF844A15EA8C0100333567 /* #PROJNAMEViewController_iPad.xib */ = {
			isa = PBXVariantGroup;
			children = (
				FFCF844B15EA8C0100333567 /* en */,
			);
			name = #PROJNAMEViewController_iPad.xib;
			sourceTree = "<group>";
		};
/* End PBXVariantGroup section */

/* Begin XCBuildConfiguration section */
		FF08F69C15D4348700A8A646 /* Debug */ = {
			isa = XCBuildConfiguration;
			buildSettings = {
				GCC_PRECOMPILE_PREFIX_HEADER = YES;
				GCC_PREFIX_HEADER = "JSAU Source/#PROJNAMEstandalone/#PROJNAMEstandalone-Prefix.pch";
				INFOPLIST_FILE = "JSAU Source/#PROJNAMEstandalone/#PROJNAMEstandalone-Info.plist";
				LIBRARY_SEARCH_PATHS = "$(inherited)";
				PRODUCT_NAME = "#NAME";
				WRAPPER_EXTENSION = app;
			};
			name = Debug;
		};
		FF08F69D15D4348700A8A646 /* Release */ = {
			isa = XCBuildConfiguration;
			buildSettings = {
				COPY_PHASE_STRIP = YES;
				GCC_PRECOMPILE_PREFIX_HEADER = YES;
				GCC_PREFIX_HEADER = "JSAU Source/#PROJNAMEstandalone/#PROJNAMEstandalone-Prefix.pch";
				INFOPLIST_FILE = "JSAU Source/#PROJNAMEstandalone/#PROJNAMEstandalone-Info.plist";
				LIBRARY_SEARCH_PATHS = "$(inherited)";
				PRODUCT_NAME = "#NAME";
				WRAPPER_EXTENSION = app;
			};
			name = Release;
		};
		FFC1A2C21515302800D447CC /* Debug */ = {
			isa = XCBuildConfiguration;
			buildSettings = {
				ARCHS = "$(ARCHS_STANDARD_32_64_BIT)";
				CLANG_CXX_LANGUAGE_STANDARD = "c++0x";
				CLANG_CXX_LIBRARY = "compiler-default";
				GCC_PRECOMPILE_PREFIX_HEADER = YES;
				GCC_PREFIX_HEADER = "JSAU Source/CocoaUI/CocoaUI-Prefix.pch";
				INFOPLIST_FILE = "JSAU Source/CocoaUI/CocoaUI-Info.plist";
				INSTALL_PATH = "$(USER_LIBRARY_DIR)/Bundles";
				LD_RUNPATH_SEARCH_PATHS = "@loader_path .";
				LIBRARY_SEARCH_PATHS = "$(inherited)";
				PRODUCT_NAME = "$(TARGET_NAME)";
				WRAPPER_EXTENSION = bundle;
			};
			name = Debug;
		};
		FFC1A2C31515302800D447CC /* Release */ = {
			isa = XCBuildConfiguration;
			buildSettings = {
				ARCHS = "$(ARCHS_STANDARD_32_64_BIT)";
				CLANG_CXX_LANGUAGE_STANDARD = "c++0x";
				CLANG_CXX_LIBRARY = "compiler-default";
				GCC_PRECOMPILE_PREFIX_HEADER = YES;
				GCC_PREFIX_HEADER = "JSAU Source/CocoaUI/CocoaUI-Prefix.pch";
				INFOPLIST_FILE = "JSAU Source/CocoaUI/CocoaUI-Info.plist";
				INSTALL_PATH = "$(USER_LIBRARY_DIR)/Bundles";
				LD_RUNPATH_SEARCH_PATHS = "@loader_path .";
				LIBRARY_SEARCH_PATHS = "$(inherited)";
				PRODUCT_NAME = "$(TARGET_NAME)";
				WRAPPER_EXTENSION = bundle;
			};
			name = Release;
		};
		FFCF844D15EA8C0100333567 /* Debug */ = {
			isa = XCBuildConfiguration;
			buildSettings = {
				ARCHS = "$(ARCHS_STANDARD_32_BIT)";
				"CODE_SIGN_IDENTITY[sdk=iphoneos*]" = "iPhone Developer";
				FRAMEWORK_SEARCH_PATHS = (
					"$(inherited)",
					"\"$(DEVELOPER_FRAMEWORKS_DIR)\"",
				);
				GCC_PRECOMPILE_PREFIX_HEADER = YES;
				GCC_PREFIX_HEADER = "JSAU Source/#PROJNAMEios/#PROJNAMEios-Prefix.pch";
				INFOPLIST_FILE = "JSAU Source/#PROJNAMEios/#PROJNAMEios-Info.plist";
				IPHONEOS_DEPLOYMENT_TARGET = 5.0;
				PRODUCT_NAME = "#NAME";
				SDKROOT = iphoneos;
				TARGETED_DEVICE_FAMILY = "1,2";
				WRAPPER_EXTENSION = app;
			};
			name = Debug;
		};
		FFCF844E15EA8C0100333567 /* Release */ = {
			isa = XCBuildConfiguration;
			buildSettings = {
				ARCHS = "$(ARCHS_STANDARD_32_BIT)";
				"CODE_SIGN_IDENTITY[sdk=iphoneos*]" = "iPhone Developer";
				COPY_PHASE_STRIP = YES;
				FRAMEWORK_SEARCH_PATHS = (
					"$(inherited)",
					"\"$(DEVELOPER_FRAMEWORKS_DIR)\"",
				);
				GCC_PRECOMPILE_PREFIX_HEADER = YES;
				GCC_PREFIX_HEADER = "JSAU Source/#PROJNAMEios/#PROJNAMEios-Prefix.pch";
				INFOPLIST_FILE = "JSAU Source/#PROJNAMEios/#PROJNAMEios-Info.plist";
				IPHONEOS_DEPLOYMENT_TARGET = 5.0;
				OTHER_CFLAGS = "-DNS_BLOCK_ASSERTIONS=1";
				PRODUCT_NAME = "#NAME";
				SDKROOT = iphoneos;
				TARGETED_DEVICE_FAMILY = "1,2";
				VALIDATE_PRODUCT = YES;
				WRAPPER_EXTENSION = app;
			};
			name = Release;
		};
		FFDB854B15141284004BA672 /* Debug */ = {
			isa = XCBuildConfiguration;
			buildSettings = {
				ALWAYS_SEARCH_USER_PATHS = NO;
				ARCHS = "$(ARCHS_STANDARD_32_64_BIT)";
				CLANG_CXX_LIBRARY = "libstdc++";
				COPY_PHASE_STRIP = NO;
				GCC_C_LANGUAGE_STANDARD = gnu99;
				GCC_DYNAMIC_NO_PIC = NO;
				GCC_ENABLE_OBJC_EXCEPTIONS = YES;
				GCC_OPTIMIZATION_LEVEL = 0;
				GCC_PREPROCESSOR_DEFINITIONS = (
					"DEBUG=1",
					"$(inherited)",
				);
				GCC_SYMBOLS_PRIVATE_EXTERN = NO;
				GCC_VERSION = com.apple.compilers.llvm.clang.1_0;
				GCC_WARN_64_TO_32_BIT_CONVERSION = YES;
				GCC_WARN_ABOUT_MISSING_PROTOTYPES = YES;
				GCC_WARN_ABOUT_RETURN_TYPE = YES;
				GCC_WARN_UNUSED_VARIABLE = YES;
				MACOSX_DEPLOYMENT_TARGET = 10.6;
				ONLY_ACTIVE_ARCH = YES;
				SDKROOT = macosx;
			};
			name = Debug;
		};
		FFDB854C15141284004BA672 /* Release */ = {
			isa = XCBuildConfiguration;
			buildSettings = {
				ALWAYS_SEARCH_USER_PATHS = NO;
				ARCHS = "$(ARCHS_STANDARD_32_64_BIT)";
				CLANG_CXX_LIBRARY = "libstdc++";
				COPY_PHASE_STRIP = NO;
				DEBUG_INFORMATION_FORMAT = "dwarf-with-dsym";
				GCC_C_LANGUAGE_STANDARD = gnu99;
				GCC_ENABLE_OBJC_EXCEPTIONS = YES;
				GCC_VERSION = com.apple.compilers.llvm.clang.1_0;
				GCC_WARN_64_TO_32_BIT_CONVERSION = YES;
				GCC_WARN_ABOUT_MISSING_PROTOTYPES = YES;
				GCC_WARN_ABOUT_RETURN_TYPE = YES;
				GCC_WARN_UNUSED_VARIABLE = YES;
				MACOSX_DEPLOYMENT_TARGET = 10.6;
				ONLY_ACTIVE_ARCH = YES;
				SDKROOT = macosx;
			};
			name = Release;
		};
		FFDB854E15141284004BA672 /* Debug */ = {
			isa = XCBuildConfiguration;
			buildSettings = {
				ARCHS = "$(ARCHS_STANDARD_32_64_BIT)";
				DEPLOYMENT_LOCATION = YES;
				DEPLOYMENT_POSTPROCESSING = YES;
				DSTROOT = /;
				EXPORTED_SYMBOLS_FILE = "JSAU Source/#PROJNAME/#PROJNAME.exp";
				GCC_PRECOMPILE_PREFIX_HEADER = YES;
				GCC_PREFIX_HEADER = "JSAU Source/#PROJNAME/#PROJNAME-Prefix.pch";
				INFOPLIST_FILE = "JSAU Source/#PROJNAME/#PROJNAME-Info.plist";
				INSTALL_PATH = "$(USER_LIBRARY_DIR)/Audio/Plug-Ins/Components/";
				ONLY_ACTIVE_ARCH = NO;
				OTHER_REZFLAGS = "-d i386_$i386 -I /System/Library/Frameworks/CoreServices.framework/Frameworks/CarbonCore.framework/Versions/A/Headers -I /Developer/Extras/CoreAudio/AudioUnits/AUPublic/AUBase";
				PRODUCT_NAME = #PROJNAME;
				REZ_SEARCH_PATHS = (
					/Developer/Extras/CoreAudio/AudioUnits/AUPublic/AUBase,
					/System/Library/Frameworks/CoreServices.framework/Frameworks/CarbonCore.framework/Versions/A/Headers,
				);
				WRAPPER_EXTENSION = component;
			};
			name = Debug;
		};
		FFDB854F15141284004BA672 /* Release */ = {
			isa = XCBuildConfiguration;
			buildSettings = {
				ARCHS = "$(ARCHS_STANDARD_32_64_BIT)";
				DEPLOYMENT_LOCATION = YES;
				DEPLOYMENT_POSTPROCESSING = YES;
				DSTROOT = /;
				EXPORTED_SYMBOLS_FILE = "JSAU Source/#PROJNAME/#PROJNAME.exp";
				GCC_PRECOMPILE_PREFIX_HEADER = YES;
				GCC_PREFIX_HEADER = "JSAU Source/#PROJNAME/#PROJNAME-Prefix.pch";
				INFOPLIST_FILE = "JSAU Source/#PROJNAME/#PROJNAME-Info.plist";
				INSTALL_PATH = "$(USER_LIBRARY_DIR)/Audio/Plug-Ins/Components/";
				OTHER_REZFLAGS = "-d i386_$i386 -I /System/Library/Frameworks/CoreServices.framework/Frameworks/CarbonCore.framework/Versions/A/Headers -I /Developer/Extras/CoreAudio/AudioUnits/AUPublic/AUBase";
				PRODUCT_NAME = #PROJNAME;
				REZ_SEARCH_PATHS = (
					/Developer/Extras/CoreAudio/AudioUnits/AUPublic/AUBase,
					/System/Library/Frameworks/CoreServices.framework/Frameworks/CarbonCore.framework/Versions/A/Headers,
				);
				WRAPPER_EXTENSION = component;
			};
			name = Release;
		};
/* End XCBuildConfiguration section */

/* Begin XCConfigurationList section */
		FF08F69E15D4348700A8A646 /* Build configuration list for PBXNativeTarget "#PROJNAMEstandalone" */ = {
			isa = XCConfigurationList;
			buildConfigurations = (
				FF08F69C15D4348700A8A646 /* Debug */,
				FF08F69D15D4348700A8A646 /* Release */,
			);
			defaultConfigurationIsVisible = 0;
			defaultConfigurationName = Release;
		};
		FFC1A2C11515302800D447CC /* Build configuration list for PBXNativeTarget "CocoaUI" */ = {
			isa = XCConfigurationList;
			buildConfigurations = (
				FFC1A2C21515302800D447CC /* Debug */,
				FFC1A2C31515302800D447CC /* Release */,
			);
			defaultConfigurationIsVisible = 0;
			defaultConfigurationName = Release;
		};
		FFCF844F15EA8C0100333567 /* Build configuration list for PBXNativeTarget "#PROJNAMEios" */ = {
			isa = XCConfigurationList;
			buildConfigurations = (
				FFCF844D15EA8C0100333567 /* Debug */,
				FFCF844E15EA8C0100333567 /* Release */,
			);
			defaultConfigurationIsVisible = 0;
			defaultConfigurationName = Release;
		};
		FFDB853515141283004BA672 /* Build configuration list for PBXProject "#PROJNAME" */ = {
			isa = XCConfigurationList;
			buildConfigurations = (
				FFDB854B15141284004BA672 /* Debug */,
				FFDB854C15141284004BA672 /* Release */,
			);
			defaultConfigurationIsVisible = 0;
			defaultConfigurationName = Release;
		};
		FFDB854D15141284004BA672 /* Build configuration list for PBXNativeTarget "#PROJNAME" */ = {
			isa = XCConfigurationList;
			buildConfigurations = (
				FFDB854E15141284004BA672 /* Debug */,
				FFDB854F15141284004BA672 /* Release */,
			);
			defaultConfigurationIsVisible = 0;
			defaultConfigurationName = Release;
		};
/* End XCConfigurationList section */
	};
	rootObject = FFDB853215141283004BA672 /* Project object */;
}
